// !$*UTF8*$!
{
	archiveVersion = 1;
	classes = {
	};
	objectVersion = 46;
	objects = {

/* Begin PBXBuildFile section */
		BB881DBA1BFF0AD1002914AB /* CocosRuntime.m in Sources */ = {isa = PBXBuildFile; fileRef = BB881D841BFF0AD1002914AB /* CocosRuntime.m */; settings = {ASSET_TAGS = (); }; };
		BB881DBB1BFF0AD1002914AB /* CocosRuntime.m in Sources */ = {isa = PBXBuildFile; fileRef = BB881D841BFF0AD1002914AB /* CocosRuntime.m */; settings = {ASSET_TAGS = (); }; };
		BB881DBC1BFF0AD1002914AB /* CocosRuntimeGroup.m in Sources */ = {isa = PBXBuildFile; fileRef = BB881D871BFF0AD1002914AB /* CocosRuntimeGroup.m */; settings = {ASSET_TAGS = (); }; };
		BB881DBD1BFF0AD1002914AB /* CocosRuntimeGroup.m in Sources */ = {isa = PBXBuildFile; fileRef = BB881D871BFF0AD1002914AB /* CocosRuntimeGroup.m */; settings = {ASSET_TAGS = (); }; };
		BB881DBE1BFF0AD1002914AB /* CocosRuntimeGroupPatch.m in Sources */ = {isa = PBXBuildFile; fileRef = BB881D891BFF0AD1002914AB /* CocosRuntimeGroupPatch.m */; settings = {ASSET_TAGS = (); }; };
		BB881DBF1BFF0AD1002914AB /* CocosRuntimeGroupPatch.m in Sources */ = {isa = PBXBuildFile; fileRef = BB881D891BFF0AD1002914AB /* CocosRuntimeGroupPatch.m */; settings = {ASSET_TAGS = (); }; };
		BB881DC01BFF0AD1002914AB /* GroupVersionManager.m in Sources */ = {isa = PBXBuildFile; fileRef = BB881D8B1BFF0AD1002914AB /* GroupVersionManager.m */; settings = {ASSET_TAGS = (); }; };
		BB881DC11BFF0AD1002914AB /* GroupVersionManager.m in Sources */ = {isa = PBXBuildFile; fileRef = BB881D8B1BFF0AD1002914AB /* GroupVersionManager.m */; settings = {ASSET_TAGS = (); }; };
		BB881DC21BFF0AD1002914AB /* LoadingInfo.m in Sources */ = {isa = PBXBuildFile; fileRef = BB881D8E1BFF0AD1002914AB /* LoadingInfo.m */; settings = {ASSET_TAGS = (); }; };
		BB881DC31BFF0AD1002914AB /* LoadingInfo.m in Sources */ = {isa = PBXBuildFile; fileRef = BB881D8E1BFF0AD1002914AB /* LoadingInfo.m */; settings = {ASSET_TAGS = (); }; };
		BB881DC41BFF0AD1002914AB /* LoadingProgressController.m in Sources */ = {isa = PBXBuildFile; fileRef = BB881D901BFF0AD1002914AB /* LoadingProgressController.m */; settings = {ASSET_TAGS = (); }; };
		BB881DC51BFF0AD1002914AB /* LoadingProgressController.m in Sources */ = {isa = PBXBuildFile; fileRef = BB881D901BFF0AD1002914AB /* LoadingProgressController.m */; settings = {ASSET_TAGS = (); }; };
		BB881DC61BFF0AD1002914AB /* PreRunGame.m in Sources */ = {isa = PBXBuildFile; fileRef = BB881D941BFF0AD1002914AB /* PreRunGame.m */; settings = {ASSET_TAGS = (); }; };
		BB881DC71BFF0AD1002914AB /* PreRunGame.m in Sources */ = {isa = PBXBuildFile; fileRef = BB881D941BFF0AD1002914AB /* PreRunGame.m */; settings = {ASSET_TAGS = (); }; };
		BB881DC81BFF0AD1002914AB /* CocosDelegate.cpp in Sources */ = {isa = PBXBuildFile; fileRef = BB881D961BFF0AD1002914AB /* CocosDelegate.cpp */; settings = {ASSET_TAGS = (); }; };
		BB881DC91BFF0AD1002914AB /* CocosDelegate.cpp in Sources */ = {isa = PBXBuildFile; fileRef = BB881D961BFF0AD1002914AB /* CocosDelegate.cpp */; settings = {ASSET_TAGS = (); }; };
		BB881DCA1BFF0AD1002914AB /* jsb_cocosruntime.mm in Sources */ = {isa = PBXBuildFile; fileRef = BB881D991BFF0AD1002914AB /* jsb_cocosruntime.mm */; settings = {ASSET_TAGS = (); }; };
		BB881DCB1BFF0AD1002914AB /* jsb_cocosruntime.mm in Sources */ = {isa = PBXBuildFile; fileRef = BB881D991BFF0AD1002914AB /* jsb_cocosruntime.mm */; settings = {ASSET_TAGS = (); }; };
		BB881DCC1BFF0AD1002914AB /* ChannelConfig.m in Sources */ = {isa = PBXBuildFile; fileRef = BB881D9C1BFF0AD1002914AB /* ChannelConfig.m */; settings = {ASSET_TAGS = (); }; };
		BB881DCD1BFF0AD1002914AB /* ChannelConfig.m in Sources */ = {isa = PBXBuildFile; fileRef = BB881D9C1BFF0AD1002914AB /* ChannelConfig.m */; settings = {ASSET_TAGS = (); }; };
		BB881DCE1BFF0AD1002914AB /* GameConfig.m in Sources */ = {isa = PBXBuildFile; fileRef = BB881D9E1BFF0AD1002914AB /* GameConfig.m */; settings = {ASSET_TAGS = (); }; };
		BB881DCF1BFF0AD1002914AB /* GameConfig.m in Sources */ = {isa = PBXBuildFile; fileRef = BB881D9E1BFF0AD1002914AB /* GameConfig.m */; settings = {ASSET_TAGS = (); }; };
		BB881DD01BFF0AD1002914AB /* GameInfo.m in Sources */ = {isa = PBXBuildFile; fileRef = BB881DA01BFF0AD1002914AB /* GameInfo.m */; settings = {ASSET_TAGS = (); }; };
		BB881DD11BFF0AD1002914AB /* GameInfo.m in Sources */ = {isa = PBXBuildFile; fileRef = BB881DA01BFF0AD1002914AB /* GameInfo.m */; settings = {ASSET_TAGS = (); }; };
		BB881DD21BFF0AD1002914AB /* GameManifest.m in Sources */ = {isa = PBXBuildFile; fileRef = BB881DA21BFF0AD1002914AB /* GameManifest.m */; settings = {ASSET_TAGS = (); }; };
		BB881DD31BFF0AD1002914AB /* GameManifest.m in Sources */ = {isa = PBXBuildFile; fileRef = BB881DA21BFF0AD1002914AB /* GameManifest.m */; settings = {ASSET_TAGS = (); }; };
		BB881DD41BFF0AD1002914AB /* GroupPatch.m in Sources */ = {isa = PBXBuildFile; fileRef = BB881DA41BFF0AD1002914AB /* GroupPatch.m */; settings = {ASSET_TAGS = (); }; };
		BB881DD51BFF0AD1002914AB /* GroupPatch.m in Sources */ = {isa = PBXBuildFile; fileRef = BB881DA41BFF0AD1002914AB /* GroupPatch.m */; settings = {ASSET_TAGS = (); }; };
		BB881DD61BFF0AD1002914AB /* ResGroup.m in Sources */ = {isa = PBXBuildFile; fileRef = BB881DA61BFF0AD1002914AB /* ResGroup.m */; settings = {ASSET_TAGS = (); }; };
		BB881DD71BFF0AD1002914AB /* ResGroup.m in Sources */ = {isa = PBXBuildFile; fileRef = BB881DA61BFF0AD1002914AB /* ResGroup.m */; settings = {ASSET_TAGS = (); }; };
		BB881DD81BFF0AD1002914AB /* FileDownloadAdapter.m in Sources */ = {isa = PBXBuildFile; fileRef = BB881DA91BFF0AD1002914AB /* FileDownloadAdapter.m */; settings = {ASSET_TAGS = (); }; };
		BB881DD91BFF0AD1002914AB /* FileDownloadAdapter.m in Sources */ = {isa = PBXBuildFile; fileRef = BB881DA91BFF0AD1002914AB /* FileDownloadAdapter.m */; settings = {ASSET_TAGS = (); }; };
		BB881DDA1BFF0AD1002914AB /* FileDownloader.m in Sources */ = {isa = PBXBuildFile; fileRef = BB881DAC1BFF0AD1002914AB /* FileDownloader.m */; settings = {ASSET_TAGS = (); }; };
		BB881DDB1BFF0AD1002914AB /* FileDownloader.m in Sources */ = {isa = PBXBuildFile; fileRef = BB881DAC1BFF0AD1002914AB /* FileDownloader.m */; settings = {ASSET_TAGS = (); }; };
		BB881DDC1BFF0AD1002914AB /* NetworkController.m in Sources */ = {isa = PBXBuildFile; fileRef = BB881DAE1BFF0AD1002914AB /* NetworkController.m */; settings = {ASSET_TAGS = (); }; };
		BB881DDD1BFF0AD1002914AB /* NetworkController.m in Sources */ = {isa = PBXBuildFile; fileRef = BB881DAE1BFF0AD1002914AB /* NetworkController.m */; settings = {ASSET_TAGS = (); }; };
		BB881DDE1BFF0AD1002914AB /* RTNetworkHelper.mm in Sources */ = {isa = PBXBuildFile; fileRef = BB881DB01BFF0AD1002914AB /* RTNetworkHelper.mm */; settings = {ASSET_TAGS = (); }; };
		BB881DDF1BFF0AD1002914AB /* RTNetworkHelper.mm in Sources */ = {isa = PBXBuildFile; fileRef = BB881DB01BFF0AD1002914AB /* RTNetworkHelper.mm */; settings = {ASSET_TAGS = (); }; };
		BB881DE01BFF0AD1002914AB /* RTReachability.m in Sources */ = {isa = PBXBuildFile; fileRef = BB881DB21BFF0AD1002914AB /* RTReachability.m */; settings = {ASSET_TAGS = (); }; };
		BB881DE11BFF0AD1002914AB /* RTReachability.m in Sources */ = {isa = PBXBuildFile; fileRef = BB881DB21BFF0AD1002914AB /* RTReachability.m */; settings = {ASSET_TAGS = (); }; };
		BB881DE21BFF0AD1002914AB /* FileUtil.m in Sources */ = {isa = PBXBuildFile; fileRef = BB881DB51BFF0AD1002914AB /* FileUtil.m */; settings = {ASSET_TAGS = (); }; };
		BB881DE31BFF0AD1002914AB /* FileUtil.m in Sources */ = {isa = PBXBuildFile; fileRef = BB881DB51BFF0AD1002914AB /* FileUtil.m */; settings = {ASSET_TAGS = (); }; };
		BB881DE41BFF0AD1002914AB /* zip.cpp in Sources */ = {isa = PBXBuildFile; fileRef = BB881DB61BFF0AD1002914AB /* zip.cpp */; settings = {ASSET_TAGS = (); }; };
		BB881DE51BFF0AD1002914AB /* zip.cpp in Sources */ = {isa = PBXBuildFile; fileRef = BB881DB61BFF0AD1002914AB /* zip.cpp */; settings = {ASSET_TAGS = (); }; };
		BB881DE61BFF0AD1002914AB /* ZipHelper.mm in Sources */ = {isa = PBXBuildFile; fileRef = BB881DB91BFF0AD1002914AB /* ZipHelper.mm */; settings = {ASSET_TAGS = (); }; };
		BB881DE71BFF0AD1002914AB /* ZipHelper.mm in Sources */ = {isa = PBXBuildFile; fileRef = BB881DB91BFF0AD1002914AB /* ZipHelper.mm */; settings = {ASSET_TAGS = (); }; };
		BBBFEFF51BFDBDE300766FDA /* LoadingAdapter4Tencent.m in Sources */ = {isa = PBXBuildFile; fileRef = BBBFEFF41BFDBDE300766FDA /* LoadingAdapter4Tencent.m */; settings = {ASSET_TAGS = (); }; };
		BBBFEFF61BFDBDE300766FDA /* LoadingAdapter4Tencent.m in Sources */ = {isa = PBXBuildFile; fileRef = BBBFEFF41BFDBDE300766FDA /* LoadingAdapter4Tencent.m */; settings = {ASSET_TAGS = (); }; };
		ED2667281BFDA1E400E9BF62 /* libcocos2d iOS.a in Frameworks */ = {isa = PBXBuildFile; fileRef = ED2666C41BFDA0E000E9BF62 /* libcocos2d iOS.a */; };
		ED2667291BFDA1EA00E9BF62 /* libjscocos2d iOS.a in Frameworks */ = {isa = PBXBuildFile; fileRef = ED2666CD1BFDA0F100E9BF62 /* libjscocos2d iOS.a */; };
		ED26672A1BFDA1F300E9BF62 /* libcocos2d iOS.a in Frameworks */ = {isa = PBXBuildFile; fileRef = ED2666C41BFDA0E000E9BF62 /* libcocos2d iOS.a */; };
		ED26672B1BFDA1F900E9BF62 /* libjscocos2d iOS.a in Frameworks */ = {isa = PBXBuildFile; fileRef = ED2666CD1BFDA0F100E9BF62 /* libjscocos2d iOS.a */; };
		ED2667471BFDA56000E9BF62 /* IAPQQBrowser.m in Sources */ = {isa = PBXBuildFile; fileRef = ED2667401BFDA56000E9BF62 /* IAPQQBrowser.m */; };
		ED2667481BFDA56000E9BF62 /* ShareQQBrowser.m in Sources */ = {isa = PBXBuildFile; fileRef = ED2667421BFDA56000E9BF62 /* ShareQQBrowser.m */; };
		ED2667491BFDA56000E9BF62 /* SocialQQBrowser.m in Sources */ = {isa = PBXBuildFile; fileRef = ED2667441BFDA56000E9BF62 /* SocialQQBrowser.m */; };
		ED26674A1BFDA56000E9BF62 /* UserQQBrowser.mm in Sources */ = {isa = PBXBuildFile; fileRef = ED2667461BFDA56000E9BF62 /* UserQQBrowser.mm */; };
		ED2667A11BFDA65800E9BF62 /* jsb_anysdk_basic_conversions.cpp in Sources */ = {isa = PBXBuildFile; fileRef = ED26679B1BFDA65800E9BF62 /* jsb_anysdk_basic_conversions.cpp */; };
		ED2667A21BFDA65800E9BF62 /* jsb_anysdk_protocols_auto.cpp in Sources */ = {isa = PBXBuildFile; fileRef = ED26679D1BFDA65800E9BF62 /* jsb_anysdk_protocols_auto.cpp */; };
		ED2667A31BFDA65800E9BF62 /* manualanysdkbindings.cpp in Sources */ = {isa = PBXBuildFile; fileRef = ED26679F1BFDA65800E9BF62 /* manualanysdkbindings.cpp */; };
		ED2667B01BFDA75700E9BF62 /* jsb_anysdk_basic_conversions.cpp in Sources */ = {isa = PBXBuildFile; fileRef = ED26679B1BFDA65800E9BF62 /* jsb_anysdk_basic_conversions.cpp */; };
		ED2667B11BFDA75A00E9BF62 /* jsb_anysdk_protocols_auto.cpp in Sources */ = {isa = PBXBuildFile; fileRef = ED26679D1BFDA65800E9BF62 /* jsb_anysdk_protocols_auto.cpp */; };
		ED2667B21BFDA76F00E9BF62 /* manualanysdkbindings.cpp in Sources */ = {isa = PBXBuildFile; fileRef = ED26679F1BFDA65800E9BF62 /* manualanysdkbindings.cpp */; };
		ED2667B71BFDA79100E9BF62 /* IAPQQBrowser.m in Sources */ = {isa = PBXBuildFile; fileRef = ED2667401BFDA56000E9BF62 /* IAPQQBrowser.m */; };
		ED2667B81BFDA79500E9BF62 /* ShareQQBrowser.m in Sources */ = {isa = PBXBuildFile; fileRef = ED2667421BFDA56000E9BF62 /* ShareQQBrowser.m */; };
		ED2667B91BFDA79800E9BF62 /* SocialQQBrowser.m in Sources */ = {isa = PBXBuildFile; fileRef = ED2667441BFDA56000E9BF62 /* SocialQQBrowser.m */; };
		ED2667BA1BFDA79B00E9BF62 /* UserQQBrowser.mm in Sources */ = {isa = PBXBuildFile; fileRef = ED2667461BFDA56000E9BF62 /* UserQQBrowser.mm */; };
		ED2667D01BFDA82A00E9BF62 /* script in Resources */ = {isa = PBXBuildFile; fileRef = ED2667CF1BFDA82A00E9BF62 /* script */; };
		ED2667D71BFDAAE100E9BF62 /* libPluginProtocol.a in Frameworks */ = {isa = PBXBuildFile; fileRef = ED2667D61BFDAAE100E9BF62 /* libPluginProtocol.a */; };
		ED2667D81BFDAAE900E9BF62 /* libPluginProtocol.a in Frameworks */ = {isa = PBXBuildFile; fileRef = ED2667D61BFDAAE100E9BF62 /* libPluginProtocol.a */; };
		ED464A721BE8B2EB005D120E /* MttGameEngine.mm in Sources */ = {isa = PBXBuildFile; fileRef = EDAF7CDB1BCCB6B90032B305 /* MttGameEngine.mm */; };
		ED464A791BE8B2EB005D120E /* QuartzCore.framework in Frameworks */ = {isa = PBXBuildFile; fileRef = EDAF7CE81BCCD25D0032B305 /* QuartzCore.framework */; };
		ED464A7A1BE8B2EB005D120E /* UIKit.framework in Frameworks */ = {isa = PBXBuildFile; fileRef = EDAF7CE61BCCD1E50032B305 /* UIKit.framework */; };
		ED464A7B1BE8B2EB005D120E /* CoreGraphics.framework in Frameworks */ = {isa = PBXBuildFile; fileRef = EDAF7CE41BCCD1450032B305 /* CoreGraphics.framework */; };
		ED464A7C1BE8B2EB005D120E /* CoreMotion.framework in Frameworks */ = {isa = PBXBuildFile; fileRef = EDAF7CD91BCCB58E0032B305 /* CoreMotion.framework */; };
		ED464A7D1BE8B2EB005D120E /* AVFoundation.framework in Frameworks */ = {isa = PBXBuildFile; fileRef = EDAF7CD71BCCB5640032B305 /* AVFoundation.framework */; };
		ED464A7E1BE8B2EB005D120E /* MediaPlayer.framework in Frameworks */ = {isa = PBXBuildFile; fileRef = EDAF7CD51BCCB53E0032B305 /* MediaPlayer.framework */; };
		ED464A7F1BE8B2EB005D120E /* AudioToolbox.framework in Frameworks */ = {isa = PBXBuildFile; fileRef = EDAF7CD31BCCB5140032B305 /* AudioToolbox.framework */; };
		ED464A801BE8B2EB005D120E /* OpenGLES.framework in Frameworks */ = {isa = PBXBuildFile; fileRef = EDAF7CD11BCCB5000032B305 /* OpenGLES.framework */; };
		ED464A811BE8B2EB005D120E /* OpenAL.framework in Frameworks */ = {isa = PBXBuildFile; fileRef = EDAF7CCF1BCCB4EE0032B305 /* OpenAL.framework */; };
		EDAF7CCA1BCCB4BC0032B305 /* libiconv.tbd in Frameworks */ = {isa = PBXBuildFile; fileRef = EDAF7CC81BCCB4340032B305 /* libiconv.tbd */; };
		EDAF7CCC1BCCB4CB0032B305 /* libz.tbd in Frameworks */ = {isa = PBXBuildFile; fileRef = EDAF7CCB1BCCB4CB0032B305 /* libz.tbd */; };
		EDAF7CCE1BCCB4D90032B305 /* libsqlite3.tbd in Frameworks */ = {isa = PBXBuildFile; fileRef = EDAF7CCD1BCCB4D90032B305 /* libsqlite3.tbd */; };
		EDAF7CD01BCCB4EE0032B305 /* OpenAL.framework in Frameworks */ = {isa = PBXBuildFile; fileRef = EDAF7CCF1BCCB4EE0032B305 /* OpenAL.framework */; };
		EDAF7CD21BCCB5000032B305 /* OpenGLES.framework in Frameworks */ = {isa = PBXBuildFile; fileRef = EDAF7CD11BCCB5000032B305 /* OpenGLES.framework */; };
		EDAF7CD41BCCB5140032B305 /* AudioToolbox.framework in Frameworks */ = {isa = PBXBuildFile; fileRef = EDAF7CD31BCCB5140032B305 /* AudioToolbox.framework */; };
		EDAF7CD61BCCB53E0032B305 /* MediaPlayer.framework in Frameworks */ = {isa = PBXBuildFile; fileRef = EDAF7CD51BCCB53E0032B305 /* MediaPlayer.framework */; };
		EDAF7CD81BCCB5640032B305 /* AVFoundation.framework in Frameworks */ = {isa = PBXBuildFile; fileRef = EDAF7CD71BCCB5640032B305 /* AVFoundation.framework */; };
		EDAF7CDA1BCCB58E0032B305 /* CoreMotion.framework in Frameworks */ = {isa = PBXBuildFile; fileRef = EDAF7CD91BCCB58E0032B305 /* CoreMotion.framework */; };
		EDAF7CDD1BCCB6B90032B305 /* MttGameEngine.mm in Sources */ = {isa = PBXBuildFile; fileRef = EDAF7CDB1BCCB6B90032B305 /* MttGameEngine.mm */; };
		EDAF7CE51BCCD1450032B305 /* CoreGraphics.framework in Frameworks */ = {isa = PBXBuildFile; fileRef = EDAF7CE41BCCD1450032B305 /* CoreGraphics.framework */; };
		EDAF7CE71BCCD1E50032B305 /* UIKit.framework in Frameworks */ = {isa = PBXBuildFile; fileRef = EDAF7CE61BCCD1E50032B305 /* UIKit.framework */; };
		EDAF7CE91BCCD25D0032B305 /* QuartzCore.framework in Frameworks */ = {isa = PBXBuildFile; fileRef = EDAF7CE81BCCD25D0032B305 /* QuartzCore.framework */; };
		EDBD73381BF484FB0005FED4 /* Cocosv3GameEngineFactory.mm in Sources */ = {isa = PBXBuildFile; fileRef = ED464A5C1BE8B24D005D120E /* Cocosv3GameEngineFactory.mm */; };
		EDBD733E1BF486EB0005FED4 /* MttGameEngineFactory.mm in Sources */ = {isa = PBXBuildFile; fileRef = EDBD733D1BF486EB0005FED4 /* MttGameEngineFactory.mm */; };
		EDBD73591BF4894F0005FED4 /* libCocosJSRuntime.a in Frameworks */ = {isa = PBXBuildFile; fileRef = ED464A8B1BE8B2EB005D120E /* libCocosJSRuntime.a */; };
		EDBD735B1BF48AF20005FED4 /* MttGameEngineFactory.mm in Sources */ = {isa = PBXBuildFile; fileRef = EDBD733D1BF486EB0005FED4 /* MttGameEngineFactory.mm */; };
		EDBD735D1BF48B930005FED4 /* SystemConfiguration.framework in Frameworks */ = {isa = PBXBuildFile; fileRef = EDBD735C1BF48B930005FED4 /* SystemConfiguration.framework */; };
		EDBD736F1BF49E0B0005FED4 /* MobileCoreServices.framework in Frameworks */ = {isa = PBXBuildFile; fileRef = EDBD72F91BF0709D0005FED4 /* MobileCoreServices.framework */; };
		EDBD73701BF49E0D0005FED4 /* MobileCoreServices.framework in Frameworks */ = {isa = PBXBuildFile; fileRef = EDBD72F91BF0709D0005FED4 /* MobileCoreServices.framework */; };
		EDBD73711BF49EAC0005FED4 /* MobileCoreServices.framework in Frameworks */ = {isa = PBXBuildFile; fileRef = EDBD72F91BF0709D0005FED4 /* MobileCoreServices.framework */; };
		EDF396B81BDA2833000885AB /* main.m in Sources */ = {isa = PBXBuildFile; fileRef = EDF396B71BDA2833000885AB /* main.m */; };
		EDF396BB1BDA2833000885AB /* AppDelegate.m in Sources */ = {isa = PBXBuildFile; fileRef = EDF396BA1BDA2833000885AB /* AppDelegate.m */; };
		EDF396BE1BDA2833000885AB /* ViewController.m in Sources */ = {isa = PBXBuildFile; fileRef = EDF396BD1BDA2833000885AB /* ViewController.m */; };
		EDF396C11BDA2833000885AB /* Main.storyboard in Resources */ = {isa = PBXBuildFile; fileRef = EDF396BF1BDA2833000885AB /* Main.storyboard */; };
		EDF396C31BDA2833000885AB /* Assets.xcassets in Resources */ = {isa = PBXBuildFile; fileRef = EDF396C21BDA2833000885AB /* Assets.xcassets */; };
		EDF396C61BDA2833000885AB /* LaunchScreen.storyboard in Resources */ = {isa = PBXBuildFile; fileRef = EDF396C41BDA2833000885AB /* LaunchScreen.storyboard */; };
		EDF396D11BDA28EC000885AB /* MttGameEngineFramework.m in Sources */ = {isa = PBXBuildFile; fileRef = EDF396D01BDA28EC000885AB /* MttGameEngineFramework.m */; };
		EDF396D81BDA299E000885AB /* OpenGLES.framework in Frameworks */ = {isa = PBXBuildFile; fileRef = EDAF7CD11BCCB5000032B305 /* OpenGLES.framework */; };
		EDF396DF1BDA2B6C000885AB /* OpenAL.framework in Frameworks */ = {isa = PBXBuildFile; fileRef = EDAF7CCF1BCCB4EE0032B305 /* OpenAL.framework */; };
		EDF396E01BDA2B72000885AB /* AudioToolbox.framework in Frameworks */ = {isa = PBXBuildFile; fileRef = EDAF7CD31BCCB5140032B305 /* AudioToolbox.framework */; };
		EDF396E11BDA2B75000885AB /* MediaPlayer.framework in Frameworks */ = {isa = PBXBuildFile; fileRef = EDAF7CD51BCCB53E0032B305 /* MediaPlayer.framework */; };
		EDF396E21BDA2B79000885AB /* AVFoundation.framework in Frameworks */ = {isa = PBXBuildFile; fileRef = EDAF7CD71BCCB5640032B305 /* AVFoundation.framework */; };
		EDF396E31BDA2B7D000885AB /* CoreMotion.framework in Frameworks */ = {isa = PBXBuildFile; fileRef = EDAF7CD91BCCB58E0032B305 /* CoreMotion.framework */; };
		EDF396E41BDA2B81000885AB /* CoreGraphics.framework in Frameworks */ = {isa = PBXBuildFile; fileRef = EDAF7CE41BCCD1450032B305 /* CoreGraphics.framework */; };
		EDF396E51BDA2B87000885AB /* UIKit.framework in Frameworks */ = {isa = PBXBuildFile; fileRef = EDAF7CE61BCCD1E50032B305 /* UIKit.framework */; };
		EDF396E61BDA2B8A000885AB /* QuartzCore.framework in Frameworks */ = {isa = PBXBuildFile; fileRef = EDAF7CE81BCCD25D0032B305 /* QuartzCore.framework */; };
		EDF396E71BDA2B8D000885AB /* Foundation.framework in Frameworks */ = {isa = PBXBuildFile; fileRef = 8059FC971BB0F5BB009354CE /* Foundation.framework */; };
		EDF396E81BDA2BA1000885AB /* libsqlite3.tbd in Frameworks */ = {isa = PBXBuildFile; fileRef = EDAF7CCD1BCCB4D90032B305 /* libsqlite3.tbd */; };
		EDF396E91BDA2BA4000885AB /* libz.tbd in Frameworks */ = {isa = PBXBuildFile; fileRef = EDAF7CCB1BCCB4CB0032B305 /* libz.tbd */; };
		EDF396EA1BDA2BA8000885AB /* libiconv.tbd in Frameworks */ = {isa = PBXBuildFile; fileRef = EDAF7CC81BCCB4340032B305 /* libiconv.tbd */; };
/* End PBXBuildFile section */

/* Begin PBXContainerItemProxy section */
		ED2666C11BFDA0E000E9BF62 /* PBXContainerItemProxy */ = {
			isa = PBXContainerItemProxy;
			containerPortal = ED2666BC1BFDA0E000E9BF62 /* cocos2d_libs.xcodeproj */;
			proxyType = 2;
			remoteGlobalIDString = 1551A33F158F2AB200E66CFE;
			remoteInfo = "libcocos2d Mac";
		};
		ED2666C31BFDA0E000E9BF62 /* PBXContainerItemProxy */ = {
			isa = PBXContainerItemProxy;
			containerPortal = ED2666BC1BFDA0E000E9BF62 /* cocos2d_libs.xcodeproj */;
			proxyType = 2;
			remoteGlobalIDString = A07A4D641783777C0073F6A7;
			remoteInfo = "libcocos2d iOS";
		};
		ED2666CA1BFDA0F100E9BF62 /* PBXContainerItemProxy */ = {
			isa = PBXContainerItemProxy;
			containerPortal = ED2666C51BFDA0F100E9BF62 /* cocos2d_js_bindings.xcodeproj */;
			proxyType = 2;
			remoteGlobalIDString = 1A5410A418B785A10016A3AF;
			remoteInfo = "libjscocos2d Mac";
		};
		ED2666CC1BFDA0F100E9BF62 /* PBXContainerItemProxy */ = {
			isa = PBXContainerItemProxy;
			containerPortal = ED2666C51BFDA0F100E9BF62 /* cocos2d_js_bindings.xcodeproj */;
			proxyType = 2;
			remoteGlobalIDString = 1A5410A518B785A10016A3AF;
			remoteInfo = "libjscocos2d iOS";
		};
		ED2667201BFDA1CC00E9BF62 /* PBXContainerItemProxy */ = {
			isa = PBXContainerItemProxy;
			containerPortal = ED2666BC1BFDA0E000E9BF62 /* cocos2d_libs.xcodeproj */;
			proxyType = 1;
			remoteGlobalIDString = A07A4C241783777C0073F6A7;
			remoteInfo = "libcocos2d iOS";
		};
		ED2667221BFDA1D000E9BF62 /* PBXContainerItemProxy */ = {
			isa = PBXContainerItemProxy;
			containerPortal = ED2666C51BFDA0F100E9BF62 /* cocos2d_js_bindings.xcodeproj */;
			proxyType = 1;
			remoteGlobalIDString = A07A4FB5178387750073F6A7;
			remoteInfo = "libjscocos2d iOS";
		};
		ED2667241BFDA1D700E9BF62 /* PBXContainerItemProxy */ = {
			isa = PBXContainerItemProxy;
			containerPortal = ED2666BC1BFDA0E000E9BF62 /* cocos2d_libs.xcodeproj */;
			proxyType = 1;
			remoteGlobalIDString = A07A4C241783777C0073F6A7;
			remoteInfo = "libcocos2d iOS";
		};
		ED2667261BFDA1DA00E9BF62 /* PBXContainerItemProxy */ = {
			isa = PBXContainerItemProxy;
			containerPortal = ED2666C51BFDA0F100E9BF62 /* cocos2d_js_bindings.xcodeproj */;
			proxyType = 1;
			remoteGlobalIDString = A07A4FB5178387750073F6A7;
			remoteInfo = "libjscocos2d iOS";
		};
		EDBD73571BF488CB0005FED4 /* PBXContainerItemProxy */ = {
			isa = PBXContainerItemProxy;
			containerPortal = 802BF51C1B945662008C45C2 /* Project object */;
			proxyType = 1;
			remoteGlobalIDString = ED464A5E1BE8B2EB005D120E;
			remoteInfo = libCocosJSRuntime;
		};
/* End PBXContainerItemProxy section */

/* Begin PBXCopyFilesBuildPhase section */
		802BF5221B945662008C45C2 /* CopyFiles */ = {
			isa = PBXCopyFilesBuildPhase;
			buildActionMask = 12;
			dstPath = "include/$(PRODUCT_NAME)";
			dstSubfolderSpec = 16;
			files = (
			);
			runOnlyForDeploymentPostprocessing = 0;
		};
		ED464A871BE8B2EB005D120E /* CopyFiles */ = {
			isa = PBXCopyFilesBuildPhase;
			buildActionMask = 12;
			dstPath = "include/$(PRODUCT_NAME)";
			dstSubfolderSpec = 16;
			files = (
			);
			runOnlyForDeploymentPostprocessing = 0;
		};
/* End PBXCopyFilesBuildPhase section */

/* Begin PBXFileReference section */
		802BF5241B945662008C45C2 /* CocosJSRuntime.dylib */ = {isa = PBXFileReference; explicitFileType = "compiled.mach-o.dylib"; includeInIndex = 0; path = CocosJSRuntime.dylib; sourceTree = BUILT_PRODUCTS_DIR; };
		8059FC971BB0F5BB009354CE /* Foundation.framework */ = {isa = PBXFileReference; lastKnownFileType = wrapper.framework; name = Foundation.framework; path = System/Library/Frameworks/Foundation.framework; sourceTree = SDKROOT; };
		BB881D831BFF0AD1002914AB /* CocosRuntime.h */ = {isa = PBXFileReference; fileEncoding = 4; lastKnownFileType = sourcecode.c.h; path = CocosRuntime.h; sourceTree = "<group>"; };
		BB881D841BFF0AD1002914AB /* CocosRuntime.m */ = {isa = PBXFileReference; fileEncoding = 4; lastKnownFileType = sourcecode.c.objc; path = CocosRuntime.m; sourceTree = "<group>"; };
		BB881D861BFF0AD1002914AB /* CocosRuntimeGroup.h */ = {isa = PBXFileReference; fileEncoding = 4; lastKnownFileType = sourcecode.c.h; path = CocosRuntimeGroup.h; sourceTree = "<group>"; };
		BB881D871BFF0AD1002914AB /* CocosRuntimeGroup.m */ = {isa = PBXFileReference; fileEncoding = 4; lastKnownFileType = sourcecode.c.objc; path = CocosRuntimeGroup.m; sourceTree = "<group>"; };
		BB881D881BFF0AD1002914AB /* CocosRuntimeGroupPatch.h */ = {isa = PBXFileReference; fileEncoding = 4; lastKnownFileType = sourcecode.c.h; path = CocosRuntimeGroupPatch.h; sourceTree = "<group>"; };
		BB881D891BFF0AD1002914AB /* CocosRuntimeGroupPatch.m */ = {isa = PBXFileReference; fileEncoding = 4; lastKnownFileType = sourcecode.c.objc; path = CocosRuntimeGroupPatch.m; sourceTree = "<group>"; };
		BB881D8A1BFF0AD1002914AB /* GroupVersionManager.h */ = {isa = PBXFileReference; fileEncoding = 4; lastKnownFileType = sourcecode.c.h; path = GroupVersionManager.h; sourceTree = "<group>"; };
		BB881D8B1BFF0AD1002914AB /* GroupVersionManager.m */ = {isa = PBXFileReference; fileEncoding = 4; lastKnownFileType = sourcecode.c.objc; path = GroupVersionManager.m; sourceTree = "<group>"; };
		BB881D8C1BFF0AD1002914AB /* LoadingDelegate.h */ = {isa = PBXFileReference; fileEncoding = 4; lastKnownFileType = sourcecode.c.h; path = LoadingDelegate.h; sourceTree = "<group>"; };
		BB881D8D1BFF0AD1002914AB /* LoadingInfo.h */ = {isa = PBXFileReference; fileEncoding = 4; lastKnownFileType = sourcecode.c.h; path = LoadingInfo.h; sourceTree = "<group>"; };
		BB881D8E1BFF0AD1002914AB /* LoadingInfo.m */ = {isa = PBXFileReference; fileEncoding = 4; lastKnownFileType = sourcecode.c.objc; path = LoadingInfo.m; sourceTree = "<group>"; };
		BB881D8F1BFF0AD1002914AB /* LoadingProgressController.h */ = {isa = PBXFileReference; fileEncoding = 4; lastKnownFileType = sourcecode.c.h; path = LoadingProgressController.h; sourceTree = "<group>"; };
		BB881D901BFF0AD1002914AB /* LoadingProgressController.m */ = {isa = PBXFileReference; fileEncoding = 4; lastKnownFileType = sourcecode.c.objc; path = LoadingProgressController.m; sourceTree = "<group>"; };
		BB881D911BFF0AD1002914AB /* OnGroupUpdateDelegate.h */ = {isa = PBXFileReference; fileEncoding = 4; lastKnownFileType = sourcecode.c.h; path = OnGroupUpdateDelegate.h; sourceTree = "<group>"; };
		BB881D921BFF0AD1002914AB /* OnLoadingProgressDelegate.h */ = {isa = PBXFileReference; fileEncoding = 4; lastKnownFileType = sourcecode.c.h; path = OnLoadingProgressDelegate.h; sourceTree = "<group>"; };
		BB881D931BFF0AD1002914AB /* PreRunGame.h */ = {isa = PBXFileReference; fileEncoding = 4; lastKnownFileType = sourcecode.c.h; path = PreRunGame.h; sourceTree = "<group>"; };
		BB881D941BFF0AD1002914AB /* PreRunGame.m */ = {isa = PBXFileReference; fileEncoding = 4; lastKnownFileType = sourcecode.c.objc; path = PreRunGame.m; sourceTree = "<group>"; };
		BB881D961BFF0AD1002914AB /* CocosDelegate.cpp */ = {isa = PBXFileReference; fileEncoding = 4; lastKnownFileType = sourcecode.cpp.cpp; path = CocosDelegate.cpp; sourceTree = "<group>"; };
		BB881D971BFF0AD1002914AB /* CocosDelegate.h */ = {isa = PBXFileReference; fileEncoding = 4; lastKnownFileType = sourcecode.c.h; path = CocosDelegate.h; sourceTree = "<group>"; };
		BB881D981BFF0AD1002914AB /* jsb_cocosruntime.h */ = {isa = PBXFileReference; fileEncoding = 4; lastKnownFileType = sourcecode.c.h; path = jsb_cocosruntime.h; sourceTree = "<group>"; };
		BB881D991BFF0AD1002914AB /* jsb_cocosruntime.mm */ = {isa = PBXFileReference; fileEncoding = 4; lastKnownFileType = sourcecode.cpp.objcpp; path = jsb_cocosruntime.mm; sourceTree = "<group>"; };
		BB881D9B1BFF0AD1002914AB /* ChannelConfig.h */ = {isa = PBXFileReference; fileEncoding = 4; lastKnownFileType = sourcecode.c.h; path = ChannelConfig.h; sourceTree = "<group>"; };
		BB881D9C1BFF0AD1002914AB /* ChannelConfig.m */ = {isa = PBXFileReference; fileEncoding = 4; lastKnownFileType = sourcecode.c.objc; path = ChannelConfig.m; sourceTree = "<group>"; };
		BB881D9D1BFF0AD1002914AB /* GameConfig.h */ = {isa = PBXFileReference; fileEncoding = 4; lastKnownFileType = sourcecode.c.h; path = GameConfig.h; sourceTree = "<group>"; };
		BB881D9E1BFF0AD1002914AB /* GameConfig.m */ = {isa = PBXFileReference; fileEncoding = 4; lastKnownFileType = sourcecode.c.objc; path = GameConfig.m; sourceTree = "<group>"; };
		BB881D9F1BFF0AD1002914AB /* GameInfo.h */ = {isa = PBXFileReference; fileEncoding = 4; lastKnownFileType = sourcecode.c.h; path = GameInfo.h; sourceTree = "<group>"; };
		BB881DA01BFF0AD1002914AB /* GameInfo.m */ = {isa = PBXFileReference; fileEncoding = 4; lastKnownFileType = sourcecode.c.objc; path = GameInfo.m; sourceTree = "<group>"; };
		BB881DA11BFF0AD1002914AB /* GameManifest.h */ = {isa = PBXFileReference; fileEncoding = 4; lastKnownFileType = sourcecode.c.h; path = GameManifest.h; sourceTree = "<group>"; };
		BB881DA21BFF0AD1002914AB /* GameManifest.m */ = {isa = PBXFileReference; fileEncoding = 4; lastKnownFileType = sourcecode.c.objc; path = GameManifest.m; sourceTree = "<group>"; };
		BB881DA31BFF0AD1002914AB /* GroupPatch.h */ = {isa = PBXFileReference; fileEncoding = 4; lastKnownFileType = sourcecode.c.h; path = GroupPatch.h; sourceTree = "<group>"; };
		BB881DA41BFF0AD1002914AB /* GroupPatch.m */ = {isa = PBXFileReference; fileEncoding = 4; lastKnownFileType = sourcecode.c.objc; path = GroupPatch.m; sourceTree = "<group>"; };
		BB881DA51BFF0AD1002914AB /* ResGroup.h */ = {isa = PBXFileReference; fileEncoding = 4; lastKnownFileType = sourcecode.c.h; path = ResGroup.h; sourceTree = "<group>"; };
		BB881DA61BFF0AD1002914AB /* ResGroup.m */ = {isa = PBXFileReference; fileEncoding = 4; lastKnownFileType = sourcecode.c.objc; path = ResGroup.m; sourceTree = "<group>"; };
		BB881DA81BFF0AD1002914AB /* FileDownloadAdapter.h */ = {isa = PBXFileReference; fileEncoding = 4; lastKnownFileType = sourcecode.c.h; path = FileDownloadAdapter.h; sourceTree = "<group>"; };
		BB881DA91BFF0AD1002914AB /* FileDownloadAdapter.m */ = {isa = PBXFileReference; fileEncoding = 4; lastKnownFileType = sourcecode.c.objc; path = FileDownloadAdapter.m; sourceTree = "<group>"; };
		BB881DAA1BFF0AD1002914AB /* FileDownloadDelegate.h */ = {isa = PBXFileReference; fileEncoding = 4; lastKnownFileType = sourcecode.c.h; path = FileDownloadDelegate.h; sourceTree = "<group>"; };
		BB881DAB1BFF0AD1002914AB /* FileDownloader.h */ = {isa = PBXFileReference; fileEncoding = 4; lastKnownFileType = sourcecode.c.h; path = FileDownloader.h; sourceTree = "<group>"; };
		BB881DAC1BFF0AD1002914AB /* FileDownloader.m */ = {isa = PBXFileReference; fileEncoding = 4; lastKnownFileType = sourcecode.c.objc; path = FileDownloader.m; sourceTree = "<group>"; };
		BB881DAD1BFF0AD1002914AB /* NetworkController.h */ = {isa = PBXFileReference; fileEncoding = 4; lastKnownFileType = sourcecode.c.h; path = NetworkController.h; sourceTree = "<group>"; };
		BB881DAE1BFF0AD1002914AB /* NetworkController.m */ = {isa = PBXFileReference; fileEncoding = 4; lastKnownFileType = sourcecode.c.objc; path = NetworkController.m; sourceTree = "<group>"; };
		BB881DAF1BFF0AD1002914AB /* RTNetworkHelper.h */ = {isa = PBXFileReference; fileEncoding = 4; lastKnownFileType = sourcecode.c.h; path = RTNetworkHelper.h; sourceTree = "<group>"; };
		BB881DB01BFF0AD1002914AB /* RTNetworkHelper.mm */ = {isa = PBXFileReference; fileEncoding = 4; lastKnownFileType = sourcecode.cpp.objcpp; path = RTNetworkHelper.mm; sourceTree = "<group>"; };
		BB881DB11BFF0AD1002914AB /* RTReachability.h */ = {isa = PBXFileReference; fileEncoding = 4; lastKnownFileType = sourcecode.c.h; path = RTReachability.h; sourceTree = "<group>"; };
		BB881DB21BFF0AD1002914AB /* RTReachability.m */ = {isa = PBXFileReference; fileEncoding = 4; lastKnownFileType = sourcecode.c.objc; path = RTReachability.m; sourceTree = "<group>"; };
		BB881DB41BFF0AD1002914AB /* FileUtil.h */ = {isa = PBXFileReference; fileEncoding = 4; lastKnownFileType = sourcecode.c.h; path = FileUtil.h; sourceTree = "<group>"; };
		BB881DB51BFF0AD1002914AB /* FileUtil.m */ = {isa = PBXFileReference; fileEncoding = 4; lastKnownFileType = sourcecode.c.objc; path = FileUtil.m; sourceTree = "<group>"; };
		BB881DB61BFF0AD1002914AB /* zip.cpp */ = {isa = PBXFileReference; fileEncoding = 4; lastKnownFileType = sourcecode.cpp.cpp; path = zip.cpp; sourceTree = "<group>"; };
		BB881DB71BFF0AD1002914AB /* zip.h */ = {isa = PBXFileReference; fileEncoding = 4; lastKnownFileType = sourcecode.c.h; path = zip.h; sourceTree = "<group>"; };
		BB881DB81BFF0AD1002914AB /* ZipHelper.h */ = {isa = PBXFileReference; fileEncoding = 4; lastKnownFileType = sourcecode.c.h; path = ZipHelper.h; sourceTree = "<group>"; };
		BB881DB91BFF0AD1002914AB /* ZipHelper.mm */ = {isa = PBXFileReference; fileEncoding = 4; lastKnownFileType = sourcecode.cpp.objcpp; path = ZipHelper.mm; sourceTree = "<group>"; };
		BBBFEFF31BFDBDE300766FDA /* LoadingAdapter4Tencent.h */ = {isa = PBXFileReference; fileEncoding = 4; lastKnownFileType = sourcecode.c.h; path = LoadingAdapter4Tencent.h; sourceTree = "<group>"; };
		BBBFEFF41BFDBDE300766FDA /* LoadingAdapter4Tencent.m */ = {isa = PBXFileReference; fileEncoding = 4; lastKnownFileType = sourcecode.c.objc; path = LoadingAdapter4Tencent.m; sourceTree = "<group>"; };
		D50C68411BC64F9F00655E6E /* MttGameEngine.h */ = {isa = PBXFileReference; fileEncoding = 4; lastKnownFileType = sourcecode.c.h; path = MttGameEngine.h; sourceTree = "<group>"; };
		D50C68431BC64F9F00655E6E /* MttGameEngineDelegate.h */ = {isa = PBXFileReference; fileEncoding = 4; lastKnownFileType = sourcecode.c.h; path = MttGameEngineDelegate.h; sourceTree = "<group>"; };
		D50C68441BC64F9F00655E6E /* MttGameEngineFactory.h */ = {isa = PBXFileReference; fileEncoding = 4; lastKnownFileType = sourcecode.c.h; path = MttGameEngineFactory.h; sourceTree = "<group>"; };
		D50C68461BC64F9F00655E6E /* MttGameEngineProtocol.h */ = {isa = PBXFileReference; fileEncoding = 4; lastKnownFileType = sourcecode.c.h; path = MttGameEngineProtocol.h; sourceTree = "<group>"; };
		ED2666BC1BFDA0E000E9BF62 /* cocos2d_libs.xcodeproj */ = {isa = PBXFileReference; lastKnownFileType = "wrapper.pb-project"; name = cocos2d_libs.xcodeproj; path = ../../build/cocos2d_libs.xcodeproj; sourceTree = "<group>"; };
		ED2666C51BFDA0F100E9BF62 /* cocos2d_js_bindings.xcodeproj */ = {isa = PBXFileReference; lastKnownFileType = "wrapper.pb-project"; name = cocos2d_js_bindings.xcodeproj; path = "../../cocos/scripting/js-bindings/proj.ios_mac/cocos2d_js_bindings.xcodeproj"; sourceTree = "<group>"; };
		ED26673F1BFDA56000E9BF62 /* IAPQQBrowser.h */ = {isa = PBXFileReference; fileEncoding = 4; lastKnownFileType = sourcecode.c.h; path = IAPQQBrowser.h; sourceTree = "<group>"; };
		ED2667401BFDA56000E9BF62 /* IAPQQBrowser.m */ = {isa = PBXFileReference; fileEncoding = 4; lastKnownFileType = sourcecode.c.objc; path = IAPQQBrowser.m; sourceTree = "<group>"; };
		ED2667411BFDA56000E9BF62 /* ShareQQBrowser.h */ = {isa = PBXFileReference; fileEncoding = 4; lastKnownFileType = sourcecode.c.h; path = ShareQQBrowser.h; sourceTree = "<group>"; };
		ED2667421BFDA56000E9BF62 /* ShareQQBrowser.m */ = {isa = PBXFileReference; fileEncoding = 4; lastKnownFileType = sourcecode.c.objc; path = ShareQQBrowser.m; sourceTree = "<group>"; };
		ED2667431BFDA56000E9BF62 /* SocialQQBrowser.h */ = {isa = PBXFileReference; fileEncoding = 4; lastKnownFileType = sourcecode.c.h; path = SocialQQBrowser.h; sourceTree = "<group>"; };
		ED2667441BFDA56000E9BF62 /* SocialQQBrowser.m */ = {isa = PBXFileReference; fileEncoding = 4; lastKnownFileType = sourcecode.c.objc; path = SocialQQBrowser.m; sourceTree = "<group>"; };
		ED2667451BFDA56000E9BF62 /* UserQQBrowser.h */ = {isa = PBXFileReference; fileEncoding = 4; lastKnownFileType = sourcecode.c.h; path = UserQQBrowser.h; sourceTree = "<group>"; };
		ED2667461BFDA56000E9BF62 /* UserQQBrowser.mm */ = {isa = PBXFileReference; fileEncoding = 4; lastKnownFileType = sourcecode.cpp.objcpp; path = UserQQBrowser.mm; sourceTree = "<group>"; };
		ED26679B1BFDA65800E9BF62 /* jsb_anysdk_basic_conversions.cpp */ = {isa = PBXFileReference; fileEncoding = 4; lastKnownFileType = sourcecode.cpp.cpp; name = jsb_anysdk_basic_conversions.cpp; path = "../../AnySDK-JSBindings/jsb_anysdk_basic_conversions.cpp"; sourceTree = "<group>"; };
		ED26679C1BFDA65800E9BF62 /* jsb_anysdk_basic_conversions.h */ = {isa = PBXFileReference; fileEncoding = 4; lastKnownFileType = sourcecode.c.h; name = jsb_anysdk_basic_conversions.h; path = "../../AnySDK-JSBindings/jsb_anysdk_basic_conversions.h"; sourceTree = "<group>"; };
		ED26679D1BFDA65800E9BF62 /* jsb_anysdk_protocols_auto.cpp */ = {isa = PBXFileReference; fileEncoding = 4; lastKnownFileType = sourcecode.cpp.cpp; name = jsb_anysdk_protocols_auto.cpp; path = "../../AnySDK-JSBindings/jsb_anysdk_protocols_auto.cpp"; sourceTree = "<group>"; };
		ED26679E1BFDA65800E9BF62 /* jsb_anysdk_protocols_auto.hpp */ = {isa = PBXFileReference; fileEncoding = 4; lastKnownFileType = sourcecode.cpp.h; name = jsb_anysdk_protocols_auto.hpp; path = "../../AnySDK-JSBindings/jsb_anysdk_protocols_auto.hpp"; sourceTree = "<group>"; };
		ED26679F1BFDA65800E9BF62 /* manualanysdkbindings.cpp */ = {isa = PBXFileReference; fileEncoding = 4; lastKnownFileType = sourcecode.cpp.cpp; name = manualanysdkbindings.cpp; path = "../../AnySDK-JSBindings/manualanysdkbindings.cpp"; sourceTree = "<group>"; };
		ED2667A01BFDA65800E9BF62 /* manualanysdkbindings.hpp */ = {isa = PBXFileReference; fileEncoding = 4; lastKnownFileType = sourcecode.cpp.h; name = manualanysdkbindings.hpp; path = "../../AnySDK-JSBindings/manualanysdkbindings.hpp"; sourceTree = "<group>"; };
		ED2667CF1BFDA82A00E9BF62 /* script */ = {isa = PBXFileReference; lastKnownFileType = folder; name = script; path = "../../runtime-Script-JSC/script"; sourceTree = "<group>"; };
		ED2667D61BFDAAE100E9BF62 /* libPluginProtocol.a */ = {isa = PBXFileReference; lastKnownFileType = archive.ar; name = libPluginProtocol.a; path = "../AnySDK-JSBindings/libPluginProtocol.a"; sourceTree = "<group>"; };
		ED464A5B1BE8B24D005D120E /* Cocosv3GameEngineFactory.h */ = {isa = PBXFileReference; fileEncoding = 4; lastKnownFileType = sourcecode.c.h; path = Cocosv3GameEngineFactory.h; sourceTree = "<group>"; };
		ED464A5C1BE8B24D005D120E /* Cocosv3GameEngineFactory.mm */ = {isa = PBXFileReference; fileEncoding = 4; lastKnownFileType = sourcecode.cpp.objcpp; path = Cocosv3GameEngineFactory.mm; sourceTree = "<group>"; };
		ED464A8B1BE8B2EB005D120E /* libCocosJSRuntime.a */ = {isa = PBXFileReference; explicitFileType = "compiled.mach-o.dylib"; includeInIndex = 0; path = libCocosJSRuntime.a; sourceTree = BUILT_PRODUCTS_DIR; };
		EDAF7CC81BCCB4340032B305 /* libiconv.tbd */ = {isa = PBXFileReference; lastKnownFileType = "sourcecode.text-based-dylib-definition"; name = libiconv.tbd; path = usr/lib/libiconv.tbd; sourceTree = SDKROOT; };
		EDAF7CCB1BCCB4CB0032B305 /* libz.tbd */ = {isa = PBXFileReference; lastKnownFileType = "sourcecode.text-based-dylib-definition"; name = libz.tbd; path = usr/lib/libz.tbd; sourceTree = SDKROOT; };
		EDAF7CCD1BCCB4D90032B305 /* libsqlite3.tbd */ = {isa = PBXFileReference; lastKnownFileType = "sourcecode.text-based-dylib-definition"; name = libsqlite3.tbd; path = usr/lib/libsqlite3.tbd; sourceTree = SDKROOT; };
		EDAF7CCF1BCCB4EE0032B305 /* OpenAL.framework */ = {isa = PBXFileReference; lastKnownFileType = wrapper.framework; name = OpenAL.framework; path = System/Library/Frameworks/OpenAL.framework; sourceTree = SDKROOT; };
		EDAF7CD11BCCB5000032B305 /* OpenGLES.framework */ = {isa = PBXFileReference; lastKnownFileType = wrapper.framework; name = OpenGLES.framework; path = System/Library/Frameworks/OpenGLES.framework; sourceTree = SDKROOT; };
		EDAF7CD31BCCB5140032B305 /* AudioToolbox.framework */ = {isa = PBXFileReference; lastKnownFileType = wrapper.framework; name = AudioToolbox.framework; path = System/Library/Frameworks/AudioToolbox.framework; sourceTree = SDKROOT; };
		EDAF7CD51BCCB53E0032B305 /* MediaPlayer.framework */ = {isa = PBXFileReference; lastKnownFileType = wrapper.framework; name = MediaPlayer.framework; path = System/Library/Frameworks/MediaPlayer.framework; sourceTree = SDKROOT; };
		EDAF7CD71BCCB5640032B305 /* AVFoundation.framework */ = {isa = PBXFileReference; lastKnownFileType = wrapper.framework; name = AVFoundation.framework; path = System/Library/Frameworks/AVFoundation.framework; sourceTree = SDKROOT; };
		EDAF7CD91BCCB58E0032B305 /* CoreMotion.framework */ = {isa = PBXFileReference; lastKnownFileType = wrapper.framework; name = CoreMotion.framework; path = System/Library/Frameworks/CoreMotion.framework; sourceTree = SDKROOT; };
		EDAF7CDB1BCCB6B90032B305 /* MttGameEngine.mm */ = {isa = PBXFileReference; fileEncoding = 4; lastKnownFileType = sourcecode.cpp.objcpp; path = MttGameEngine.mm; sourceTree = "<group>"; };
		EDAF7CE41BCCD1450032B305 /* CoreGraphics.framework */ = {isa = PBXFileReference; lastKnownFileType = wrapper.framework; name = CoreGraphics.framework; path = System/Library/Frameworks/CoreGraphics.framework; sourceTree = SDKROOT; };
		EDAF7CE61BCCD1E50032B305 /* UIKit.framework */ = {isa = PBXFileReference; lastKnownFileType = wrapper.framework; name = UIKit.framework; path = System/Library/Frameworks/UIKit.framework; sourceTree = SDKROOT; };
		EDAF7CE81BCCD25D0032B305 /* QuartzCore.framework */ = {isa = PBXFileReference; lastKnownFileType = wrapper.framework; name = QuartzCore.framework; path = System/Library/Frameworks/QuartzCore.framework; sourceTree = SDKROOT; };
		EDBD72F91BF0709D0005FED4 /* MobileCoreServices.framework */ = {isa = PBXFileReference; lastKnownFileType = wrapper.framework; name = MobileCoreServices.framework; path = System/Library/Frameworks/MobileCoreServices.framework; sourceTree = SDKROOT; };
		EDBD733D1BF486EB0005FED4 /* MttGameEngineFactory.mm */ = {isa = PBXFileReference; fileEncoding = 4; lastKnownFileType = sourcecode.cpp.objcpp; path = MttGameEngineFactory.mm; sourceTree = "<group>"; };
		EDBD735C1BF48B930005FED4 /* SystemConfiguration.framework */ = {isa = PBXFileReference; lastKnownFileType = wrapper.framework; name = SystemConfiguration.framework; path = System/Library/Frameworks/SystemConfiguration.framework; sourceTree = SDKROOT; };
		EDC9C4DD1BE0683E000C45FE /* libsystem_configuration.tbd */ = {isa = PBXFileReference; lastKnownFileType = "sourcecode.text-based-dylib-definition"; name = libsystem_configuration.tbd; path = usr/lib/system/libsystem_configuration.tbd; sourceTree = SDKROOT; };
		EDF396B41BDA2832000885AB /* JSRuntimeTest.app */ = {isa = PBXFileReference; explicitFileType = wrapper.application; includeInIndex = 0; path = JSRuntimeTest.app; sourceTree = BUILT_PRODUCTS_DIR; };
		EDF396B71BDA2833000885AB /* main.m */ = {isa = PBXFileReference; lastKnownFileType = sourcecode.c.objc; path = main.m; sourceTree = "<group>"; };
		EDF396B91BDA2833000885AB /* AppDelegate.h */ = {isa = PBXFileReference; lastKnownFileType = sourcecode.c.h; path = AppDelegate.h; sourceTree = "<group>"; };
		EDF396BA1BDA2833000885AB /* AppDelegate.m */ = {isa = PBXFileReference; lastKnownFileType = sourcecode.c.objc; path = AppDelegate.m; sourceTree = "<group>"; };
		EDF396BC1BDA2833000885AB /* ViewController.h */ = {isa = PBXFileReference; lastKnownFileType = sourcecode.c.h; path = ViewController.h; sourceTree = "<group>"; };
		EDF396BD1BDA2833000885AB /* ViewController.m */ = {isa = PBXFileReference; lastKnownFileType = sourcecode.c.objc; path = ViewController.m; sourceTree = "<group>"; };
		EDF396C01BDA2833000885AB /* Base */ = {isa = PBXFileReference; lastKnownFileType = file.storyboard; name = Base; path = Base.lproj/Main.storyboard; sourceTree = "<group>"; };
		EDF396C21BDA2833000885AB /* Assets.xcassets */ = {isa = PBXFileReference; lastKnownFileType = folder.assetcatalog; path = Assets.xcassets; sourceTree = "<group>"; };
		EDF396C51BDA2833000885AB /* Base */ = {isa = PBXFileReference; lastKnownFileType = file.storyboard; name = Base; path = Base.lproj/LaunchScreen.storyboard; sourceTree = "<group>"; };
		EDF396C71BDA2833000885AB /* Info.plist */ = {isa = PBXFileReference; lastKnownFileType = text.plist.xml; path = Info.plist; sourceTree = "<group>"; };
		EDF396CF1BDA28EC000885AB /* MttGameEngineFramework.h */ = {isa = PBXFileReference; fileEncoding = 4; lastKnownFileType = sourcecode.c.h; path = MttGameEngineFramework.h; sourceTree = "<group>"; };
		EDF396D01BDA28EC000885AB /* MttGameEngineFramework.m */ = {isa = PBXFileReference; fileEncoding = 4; lastKnownFileType = sourcecode.c.objc; path = MttGameEngineFramework.m; sourceTree = "<group>"; };
/* End PBXFileReference section */

/* Begin PBXFrameworksBuildPhase section */
		802BF5211B945662008C45C2 /* Frameworks */ = {
			isa = PBXFrameworksBuildPhase;
			buildActionMask = 2147483647;
			files = (
				ED26672B1BFDA1F900E9BF62 /* libjscocos2d iOS.a in Frameworks */,
				ED26672A1BFDA1F300E9BF62 /* libcocos2d iOS.a in Frameworks */,
				EDAF7CE91BCCD25D0032B305 /* QuartzCore.framework in Frameworks */,
				EDAF7CE71BCCD1E50032B305 /* UIKit.framework in Frameworks */,
				EDAF7CE51BCCD1450032B305 /* CoreGraphics.framework in Frameworks */,
				EDAF7CDA1BCCB58E0032B305 /* CoreMotion.framework in Frameworks */,
				EDAF7CD81BCCB5640032B305 /* AVFoundation.framework in Frameworks */,
				EDAF7CD61BCCB53E0032B305 /* MediaPlayer.framework in Frameworks */,
				EDAF7CD41BCCB5140032B305 /* AudioToolbox.framework in Frameworks */,
				EDAF7CD21BCCB5000032B305 /* OpenGLES.framework in Frameworks */,
				ED2667D81BFDAAE900E9BF62 /* libPluginProtocol.a in Frameworks */,
				EDAF7CD01BCCB4EE0032B305 /* OpenAL.framework in Frameworks */,
				EDAF7CCE1BCCB4D90032B305 /* libsqlite3.tbd in Frameworks */,
				EDAF7CCC1BCCB4CB0032B305 /* libz.tbd in Frameworks */,
				EDAF7CCA1BCCB4BC0032B305 /* libiconv.tbd in Frameworks */,
				EDBD736F1BF49E0B0005FED4 /* MobileCoreServices.framework in Frameworks */,
			);
			runOnlyForDeploymentPostprocessing = 0;
		};
		ED464A781BE8B2EB005D120E /* Frameworks */ = {
			isa = PBXFrameworksBuildPhase;
			buildActionMask = 2147483647;
			files = (
				ED2667D71BFDAAE100E9BF62 /* libPluginProtocol.a in Frameworks */,
				ED2667291BFDA1EA00E9BF62 /* libjscocos2d iOS.a in Frameworks */,
				ED2667281BFDA1E400E9BF62 /* libcocos2d iOS.a in Frameworks */,
				ED464A791BE8B2EB005D120E /* QuartzCore.framework in Frameworks */,
				ED464A7A1BE8B2EB005D120E /* UIKit.framework in Frameworks */,
				ED464A7B1BE8B2EB005D120E /* CoreGraphics.framework in Frameworks */,
				ED464A7C1BE8B2EB005D120E /* CoreMotion.framework in Frameworks */,
				ED464A7D1BE8B2EB005D120E /* AVFoundation.framework in Frameworks */,
				ED464A7E1BE8B2EB005D120E /* MediaPlayer.framework in Frameworks */,
				ED464A7F1BE8B2EB005D120E /* AudioToolbox.framework in Frameworks */,
				EDBD73701BF49E0D0005FED4 /* MobileCoreServices.framework in Frameworks */,
				ED464A801BE8B2EB005D120E /* OpenGLES.framework in Frameworks */,
				ED464A811BE8B2EB005D120E /* OpenAL.framework in Frameworks */,
			);
			runOnlyForDeploymentPostprocessing = 0;
		};
		EDF396B11BDA2832000885AB /* Frameworks */ = {
			isa = PBXFrameworksBuildPhase;
			buildActionMask = 2147483647;
			files = (
				EDBD735D1BF48B930005FED4 /* SystemConfiguration.framework in Frameworks */,
				EDBD73591BF4894F0005FED4 /* libCocosJSRuntime.a in Frameworks */,
				EDF396E01BDA2B72000885AB /* AudioToolbox.framework in Frameworks */,
				EDF396E61BDA2B8A000885AB /* QuartzCore.framework in Frameworks */,
				EDF396E41BDA2B81000885AB /* CoreGraphics.framework in Frameworks */,
				EDF396E81BDA2BA1000885AB /* libsqlite3.tbd in Frameworks */,
				EDF396D81BDA299E000885AB /* OpenGLES.framework in Frameworks */,
				EDF396E11BDA2B75000885AB /* MediaPlayer.framework in Frameworks */,
				EDF396E71BDA2B8D000885AB /* Foundation.framework in Frameworks */,
				EDF396EA1BDA2BA8000885AB /* libiconv.tbd in Frameworks */,
				EDF396E91BDA2BA4000885AB /* libz.tbd in Frameworks */,
				EDF396E21BDA2B79000885AB /* AVFoundation.framework in Frameworks */,
				EDF396DF1BDA2B6C000885AB /* OpenAL.framework in Frameworks */,
				EDBD73711BF49EAC0005FED4 /* MobileCoreServices.framework in Frameworks */,
				EDF396E31BDA2B7D000885AB /* CoreMotion.framework in Frameworks */,
				EDF396E51BDA2B87000885AB /* UIKit.framework in Frameworks */,
			);
			runOnlyForDeploymentPostprocessing = 0;
		};
/* End PBXFrameworksBuildPhase section */

/* Begin PBXGroup section */
		802BF51B1B945662008C45C2 = {
			isa = PBXGroup;
			children = (
				ED2666C51BFDA0F100E9BF62 /* cocos2d_js_bindings.xcodeproj */,
				ED2666BC1BFDA0E000E9BF62 /* cocos2d_libs.xcodeproj */,
				EDCA007E1BCF87F8006842D7 /* DependentLibs */,
				EDF396B51BDA2833000885AB /* JSRuntimeTest */,
				ED464A3D1BE8B0BC005D120E /* libCocosJSRuntime */,
				EDCA007D1BCF87C0006842D7 /* Frameworks */,
				802BF5261B945662008C45C2 /* CocosJSRuntime */,
				802BF5251B945662008C45C2 /* Products */,
			);
			sourceTree = "<group>";
		};
		802BF5251B945662008C45C2 /* Products */ = {
			isa = PBXGroup;
			children = (
				802BF5241B945662008C45C2 /* CocosJSRuntime.dylib */,
				EDF396B41BDA2832000885AB /* JSRuntimeTest.app */,
				ED464A8B1BE8B2EB005D120E /* libCocosJSRuntime.a */,
			);
			name = Products;
			sourceTree = "<group>";
		};
		802BF5261B945662008C45C2 /* CocosJSRuntime */ = {
			isa = PBXGroup;
			children = (
				BB881D821BFF0AD1002914AB /* runtime-core */,
				EDEFE6561BF86E810047A4EF /* QQBrowserPlugin */,
				ED26679A1BFDA63800E9BF62 /* AnySDKJSBinding */,
				D50C68411BC64F9F00655E6E /* MttGameEngine.h */,
				EDAF7CDB1BCCB6B90032B305 /* MttGameEngine.mm */,
				D50C68431BC64F9F00655E6E /* MttGameEngineDelegate.h */,
				D50C68441BC64F9F00655E6E /* MttGameEngineFactory.h */,
				EDBD733D1BF486EB0005FED4 /* MttGameEngineFactory.mm */,
				D50C68461BC64F9F00655E6E /* MttGameEngineProtocol.h */,
				BBBFEFF31BFDBDE300766FDA /* LoadingAdapter4Tencent.h */,
				BBBFEFF41BFDBDE300766FDA /* LoadingAdapter4Tencent.m */,
			);
			path = CocosJSRuntime;
			sourceTree = "<group>";
		};
		BB881D821BFF0AD1002914AB /* runtime-core */ = {
			isa = PBXGroup;
			children = (
				BB881D831BFF0AD1002914AB /* CocosRuntime.h */,
				BB881D841BFF0AD1002914AB /* CocosRuntime.m */,
				BB881D851BFF0AD1002914AB /* controller */,
				BB881D951BFF0AD1002914AB /* engine */,
				BB881D9A1BFF0AD1002914AB /* model */,
				BB881DA71BFF0AD1002914AB /* network */,
				BB881DB31BFF0AD1002914AB /* utils */,
			);
			name = "runtime-core";
			path = "../../runtime-core";
			sourceTree = "<group>";
		};
		BB881D851BFF0AD1002914AB /* controller */ = {
			isa = PBXGroup;
			children = (
				BB881D861BFF0AD1002914AB /* CocosRuntimeGroup.h */,
				BB881D871BFF0AD1002914AB /* CocosRuntimeGroup.m */,
				BB881D881BFF0AD1002914AB /* CocosRuntimeGroupPatch.h */,
				BB881D891BFF0AD1002914AB /* CocosRuntimeGroupPatch.m */,
				BB881D8A1BFF0AD1002914AB /* GroupVersionManager.h */,
				BB881D8B1BFF0AD1002914AB /* GroupVersionManager.m */,
				BB881D8C1BFF0AD1002914AB /* LoadingDelegate.h */,
				BB881D8D1BFF0AD1002914AB /* LoadingInfo.h */,
				BB881D8E1BFF0AD1002914AB /* LoadingInfo.m */,
				BB881D8F1BFF0AD1002914AB /* LoadingProgressController.h */,
				BB881D901BFF0AD1002914AB /* LoadingProgressController.m */,
				BB881D911BFF0AD1002914AB /* OnGroupUpdateDelegate.h */,
				BB881D921BFF0AD1002914AB /* OnLoadingProgressDelegate.h */,
				BB881D931BFF0AD1002914AB /* PreRunGame.h */,
				BB881D941BFF0AD1002914AB /* PreRunGame.m */,
			);
			path = controller;
			sourceTree = "<group>";
		};
		BB881D951BFF0AD1002914AB /* engine */ = {
			isa = PBXGroup;
			children = (
				BB881D961BFF0AD1002914AB /* CocosDelegate.cpp */,
				BB881D971BFF0AD1002914AB /* CocosDelegate.h */,
				BB881D981BFF0AD1002914AB /* jsb_cocosruntime.h */,
				BB881D991BFF0AD1002914AB /* jsb_cocosruntime.mm */,
			);
			path = engine;
			sourceTree = "<group>";
		};
		BB881D9A1BFF0AD1002914AB /* model */ = {
			isa = PBXGroup;
			children = (
				BB881D9B1BFF0AD1002914AB /* ChannelConfig.h */,
				BB881D9C1BFF0AD1002914AB /* ChannelConfig.m */,
				BB881D9D1BFF0AD1002914AB /* GameConfig.h */,
				BB881D9E1BFF0AD1002914AB /* GameConfig.m */,
				BB881D9F1BFF0AD1002914AB /* GameInfo.h */,
				BB881DA01BFF0AD1002914AB /* GameInfo.m */,
				BB881DA11BFF0AD1002914AB /* GameManifest.h */,
				BB881DA21BFF0AD1002914AB /* GameManifest.m */,
				BB881DA31BFF0AD1002914AB /* GroupPatch.h */,
				BB881DA41BFF0AD1002914AB /* GroupPatch.m */,
				BB881DA51BFF0AD1002914AB /* ResGroup.h */,
				BB881DA61BFF0AD1002914AB /* ResGroup.m */,
			);
			path = model;
			sourceTree = "<group>";
		};
		BB881DA71BFF0AD1002914AB /* network */ = {
			isa = PBXGroup;
			children = (
				BB881DA81BFF0AD1002914AB /* FileDownloadAdapter.h */,
				BB881DA91BFF0AD1002914AB /* FileDownloadAdapter.m */,
				BB881DAA1BFF0AD1002914AB /* FileDownloadDelegate.h */,
				BB881DAB1BFF0AD1002914AB /* FileDownloader.h */,
				BB881DAC1BFF0AD1002914AB /* FileDownloader.m */,
				BB881DAD1BFF0AD1002914AB /* NetworkController.h */,
				BB881DAE1BFF0AD1002914AB /* NetworkController.m */,
				BB881DAF1BFF0AD1002914AB /* RTNetworkHelper.h */,
				BB881DB01BFF0AD1002914AB /* RTNetworkHelper.mm */,
				BB881DB11BFF0AD1002914AB /* RTReachability.h */,
				BB881DB21BFF0AD1002914AB /* RTReachability.m */,
			);
			path = network;
			sourceTree = "<group>";
		};
		BB881DB31BFF0AD1002914AB /* utils */ = {
			isa = PBXGroup;
			children = (
				BB881DB41BFF0AD1002914AB /* FileUtil.h */,
				BB881DB51BFF0AD1002914AB /* FileUtil.m */,
				BB881DB61BFF0AD1002914AB /* zip.cpp */,
				BB881DB71BFF0AD1002914AB /* zip.h */,
				BB881DB81BFF0AD1002914AB /* ZipHelper.h */,
				BB881DB91BFF0AD1002914AB /* ZipHelper.mm */,
			);
			path = utils;
			sourceTree = "<group>";
		};
		ED2666BD1BFDA0E000E9BF62 /* Products */ = {
			isa = PBXGroup;
			children = (
				ED2666C21BFDA0E000E9BF62 /* libcocos2d Mac.a */,
				ED2666C41BFDA0E000E9BF62 /* libcocos2d iOS.a */,
			);
			name = Products;
			sourceTree = "<group>";
		};
		ED2666C61BFDA0F100E9BF62 /* Products */ = {
			isa = PBXGroup;
			children = (
				ED2666CB1BFDA0F100E9BF62 /* libjscocos2d Mac.a */,
				ED2666CD1BFDA0F100E9BF62 /* libjscocos2d iOS.a */,
			);
			name = Products;
			sourceTree = "<group>";
		};
		ED26679A1BFDA63800E9BF62 /* AnySDKJSBinding */ = {
			isa = PBXGroup;
			children = (
				ED26679B1BFDA65800E9BF62 /* jsb_anysdk_basic_conversions.cpp */,
				ED26679C1BFDA65800E9BF62 /* jsb_anysdk_basic_conversions.h */,
				ED26679D1BFDA65800E9BF62 /* jsb_anysdk_protocols_auto.cpp */,
				ED26679E1BFDA65800E9BF62 /* jsb_anysdk_protocols_auto.hpp */,
				ED26679F1BFDA65800E9BF62 /* manualanysdkbindings.cpp */,
				ED2667A01BFDA65800E9BF62 /* manualanysdkbindings.hpp */,
			);
			name = AnySDKJSBinding;
			sourceTree = "<group>";
		};
		ED464A3D1BE8B0BC005D120E /* libCocosJSRuntime */ = {
			isa = PBXGroup;
			children = (
				ED464A5B1BE8B24D005D120E /* Cocosv3GameEngineFactory.h */,
				ED464A5C1BE8B24D005D120E /* Cocosv3GameEngineFactory.mm */,
			);
			path = libCocosJSRuntime;
			sourceTree = "<group>";
		};
		EDCA007D1BCF87C0006842D7 /* Frameworks */ = {
			isa = PBXGroup;
			children = (
				ED2667D61BFDAAE100E9BF62 /* libPluginProtocol.a */,
				EDBD735C1BF48B930005FED4 /* SystemConfiguration.framework */,
				EDBD72F91BF0709D0005FED4 /* MobileCoreServices.framework */,
				EDC9C4DD1BE0683E000C45FE /* libsystem_configuration.tbd */,
				8059FC971BB0F5BB009354CE /* Foundation.framework */,
				EDAF7CE81BCCD25D0032B305 /* QuartzCore.framework */,
				EDAF7CE61BCCD1E50032B305 /* UIKit.framework */,
				EDAF7CE41BCCD1450032B305 /* CoreGraphics.framework */,
				EDAF7CD91BCCB58E0032B305 /* CoreMotion.framework */,
				EDAF7CD71BCCB5640032B305 /* AVFoundation.framework */,
				EDAF7CD51BCCB53E0032B305 /* MediaPlayer.framework */,
				EDAF7CD31BCCB5140032B305 /* AudioToolbox.framework */,
				EDAF7CD11BCCB5000032B305 /* OpenGLES.framework */,
				EDAF7CCF1BCCB4EE0032B305 /* OpenAL.framework */,
			);
			name = Frameworks;
			sourceTree = "<group>";
		};
		EDCA007E1BCF87F8006842D7 /* DependentLibs */ = {
			isa = PBXGroup;
			children = (
				EDAF7CCD1BCCB4D90032B305 /* libsqlite3.tbd */,
				EDAF7CCB1BCCB4CB0032B305 /* libz.tbd */,
				EDAF7CC81BCCB4340032B305 /* libiconv.tbd */,
			);
			name = DependentLibs;
			sourceTree = "<group>";
		};
		EDEFE6561BF86E810047A4EF /* QQBrowserPlugin */ = {
			isa = PBXGroup;
			children = (
				ED26673F1BFDA56000E9BF62 /* IAPQQBrowser.h */,
				ED2667401BFDA56000E9BF62 /* IAPQQBrowser.m */,
				ED2667411BFDA56000E9BF62 /* ShareQQBrowser.h */,
				ED2667421BFDA56000E9BF62 /* ShareQQBrowser.m */,
				ED2667431BFDA56000E9BF62 /* SocialQQBrowser.h */,
				ED2667441BFDA56000E9BF62 /* SocialQQBrowser.m */,
				ED2667451BFDA56000E9BF62 /* UserQQBrowser.h */,
				ED2667461BFDA56000E9BF62 /* UserQQBrowser.mm */,
			);
			name = QQBrowserPlugin;
			sourceTree = "<group>";
		};
		EDF396B51BDA2833000885AB /* JSRuntimeTest */ = {
			isa = PBXGroup;
			children = (
				ED2667CF1BFDA82A00E9BF62 /* script */,
				EDF396CF1BDA28EC000885AB /* MttGameEngineFramework.h */,
				EDF396D01BDA28EC000885AB /* MttGameEngineFramework.m */,
				EDF396B91BDA2833000885AB /* AppDelegate.h */,
				EDF396BA1BDA2833000885AB /* AppDelegate.m */,
				EDF396BC1BDA2833000885AB /* ViewController.h */,
				EDF396BD1BDA2833000885AB /* ViewController.m */,
				EDF396BF1BDA2833000885AB /* Main.storyboard */,
				EDF396C21BDA2833000885AB /* Assets.xcassets */,
				EDF396C41BDA2833000885AB /* LaunchScreen.storyboard */,
				EDF396C71BDA2833000885AB /* Info.plist */,
				EDF396B61BDA2833000885AB /* Supporting Files */,
			);
			path = JSRuntimeTest;
			sourceTree = "<group>";
		};
		EDF396B61BDA2833000885AB /* Supporting Files */ = {
			isa = PBXGroup;
			children = (
				EDF396B71BDA2833000885AB /* main.m */,
			);
			name = "Supporting Files";
			sourceTree = "<group>";
		};
/* End PBXGroup section */

/* Begin PBXNativeTarget section */
		802BF5231B945662008C45C2 /* CocosJSRuntime */ = {
			isa = PBXNativeTarget;
			buildConfigurationList = 802BF5381B945662008C45C2 /* Build configuration list for PBXNativeTarget "CocosJSRuntime" */;
			buildPhases = (
				802BF5201B945662008C45C2 /* Sources */,
				802BF5211B945662008C45C2 /* Frameworks */,
				802BF5221B945662008C45C2 /* CopyFiles */,
			);
			buildRules = (
			);
			dependencies = (
				ED2667231BFDA1D000E9BF62 /* PBXTargetDependency */,
				ED2667211BFDA1CC00E9BF62 /* PBXTargetDependency */,
			);
			name = CocosJSRuntime;
			productName = CocosJSRuntime;
			productReference = 802BF5241B945662008C45C2 /* CocosJSRuntime.dylib */;
			productType = "com.apple.product-type.library.dynamic";
		};
		ED464A5E1BE8B2EB005D120E /* libCocosJSRuntime */ = {
			isa = PBXNativeTarget;
			buildConfigurationList = ED464A881BE8B2EB005D120E /* Build configuration list for PBXNativeTarget "libCocosJSRuntime" */;
			buildPhases = (
				ED464A631BE8B2EB005D120E /* Sources */,
				ED464A781BE8B2EB005D120E /* Frameworks */,
				ED464A871BE8B2EB005D120E /* CopyFiles */,
			);
			buildRules = (
			);
			dependencies = (
				ED2667271BFDA1DA00E9BF62 /* PBXTargetDependency */,
				ED2667251BFDA1D700E9BF62 /* PBXTargetDependency */,
			);
			name = libCocosJSRuntime;
			productName = CocosJSRuntime;
			productReference = ED464A8B1BE8B2EB005D120E /* libCocosJSRuntime.a */;
			productType = "com.apple.product-type.library.dynamic";
		};
		EDF396B31BDA2832000885AB /* JSRuntimeTest */ = {
			isa = PBXNativeTarget;
			buildConfigurationList = EDF396CC1BDA2833000885AB /* Build configuration list for PBXNativeTarget "JSRuntimeTest" */;
			buildPhases = (
				EDF396B01BDA2832000885AB /* Sources */,
				EDF396B11BDA2832000885AB /* Frameworks */,
				EDF396B21BDA2832000885AB /* Resources */,
			);
			buildRules = (
			);
			dependencies = (
				EDBD73581BF488CB0005FED4 /* PBXTargetDependency */,
			);
			name = JSRuntimeTest;
			productName = JSRuntimeTest;
			productReference = EDF396B41BDA2832000885AB /* JSRuntimeTest.app */;
			productType = "com.apple.product-type.application";
		};
/* End PBXNativeTarget section */

/* Begin PBXProject section */
		802BF51C1B945662008C45C2 /* Project object */ = {
			isa = PBXProject;
			attributes = {
				LastSwiftUpdateCheck = 0700;
				LastUpgradeCheck = 0700;
				ORGANIZATIONNAME = "kinglong huang";
				TargetAttributes = {
					802BF5231B945662008C45C2 = {
						CreatedOnToolsVersion = 6.4;
						DevelopmentTeam = 3D53JJGYS2;
					};
					EDF396B31BDA2832000885AB = {
						CreatedOnToolsVersion = 7.0;
					};
				};
			};
			buildConfigurationList = 802BF51F1B945662008C45C2 /* Build configuration list for PBXProject "CocosJSRuntime" */;
			compatibilityVersion = "Xcode 3.2";
			developmentRegion = English;
			hasScannedForEncodings = 0;
			knownRegions = (
				en,
				Base,
			);
			mainGroup = 802BF51B1B945662008C45C2;
			productRefGroup = 802BF5251B945662008C45C2 /* Products */;
			projectDirPath = "";
			projectReferences = (
				{
					ProductGroup = ED2666C61BFDA0F100E9BF62 /* Products */;
					ProjectRef = ED2666C51BFDA0F100E9BF62 /* cocos2d_js_bindings.xcodeproj */;
				},
				{
					ProductGroup = ED2666BD1BFDA0E000E9BF62 /* Products */;
					ProjectRef = ED2666BC1BFDA0E000E9BF62 /* cocos2d_libs.xcodeproj */;
				},
			);
			projectRoot = "";
			targets = (
				802BF5231B945662008C45C2 /* CocosJSRuntime */,
				EDF396B31BDA2832000885AB /* JSRuntimeTest */,
				ED464A5E1BE8B2EB005D120E /* libCocosJSRuntime */,
			);
		};
/* End PBXProject section */

/* Begin PBXReferenceProxy section */
		ED2666C21BFDA0E000E9BF62 /* libcocos2d Mac.a */ = {
			isa = PBXReferenceProxy;
			fileType = archive.ar;
			path = "libcocos2d Mac.a";
			remoteRef = ED2666C11BFDA0E000E9BF62 /* PBXContainerItemProxy */;
			sourceTree = BUILT_PRODUCTS_DIR;
		};
		ED2666C41BFDA0E000E9BF62 /* libcocos2d iOS.a */ = {
			isa = PBXReferenceProxy;
			fileType = archive.ar;
			path = "libcocos2d iOS.a";
			remoteRef = ED2666C31BFDA0E000E9BF62 /* PBXContainerItemProxy */;
			sourceTree = BUILT_PRODUCTS_DIR;
		};
		ED2666CB1BFDA0F100E9BF62 /* libjscocos2d Mac.a */ = {
			isa = PBXReferenceProxy;
			fileType = archive.ar;
			path = "libjscocos2d Mac.a";
			remoteRef = ED2666CA1BFDA0F100E9BF62 /* PBXContainerItemProxy */;
			sourceTree = BUILT_PRODUCTS_DIR;
		};
		ED2666CD1BFDA0F100E9BF62 /* libjscocos2d iOS.a */ = {
			isa = PBXReferenceProxy;
			fileType = archive.ar;
			path = "libjscocos2d iOS.a";
			remoteRef = ED2666CC1BFDA0F100E9BF62 /* PBXContainerItemProxy */;
			sourceTree = BUILT_PRODUCTS_DIR;
		};
/* End PBXReferenceProxy section */

/* Begin PBXResourcesBuildPhase section */
		EDF396B21BDA2832000885AB /* Resources */ = {
			isa = PBXResourcesBuildPhase;
			buildActionMask = 2147483647;
			files = (
				EDF396C61BDA2833000885AB /* LaunchScreen.storyboard in Resources */,
				EDF396C31BDA2833000885AB /* Assets.xcassets in Resources */,
				EDF396C11BDA2833000885AB /* Main.storyboard in Resources */,
				ED2667D01BFDA82A00E9BF62 /* script in Resources */,
			);
			runOnlyForDeploymentPostprocessing = 0;
		};
/* End PBXResourcesBuildPhase section */

/* Begin PBXSourcesBuildPhase section */
		802BF5201B945662008C45C2 /* Sources */ = {
			isa = PBXSourcesBuildPhase;
			buildActionMask = 2147483647;
			files = (
				BB881DBE1BFF0AD1002914AB /* CocosRuntimeGroupPatch.m in Sources */,
				BB881DDE1BFF0AD1002914AB /* RTNetworkHelper.mm in Sources */,
				ED2667491BFDA56000E9BF62 /* SocialQQBrowser.m in Sources */,
				BB881DE61BFF0AD1002914AB /* ZipHelper.mm in Sources */,
				ED2667A31BFDA65800E9BF62 /* manualanysdkbindings.cpp in Sources */,
				BB881DE01BFF0AD1002914AB /* RTReachability.m in Sources */,
				BB881DBC1BFF0AD1002914AB /* CocosRuntimeGroup.m in Sources */,
				BB881DDC1BFF0AD1002914AB /* NetworkController.m in Sources */,
				BB881DC21BFF0AD1002914AB /* LoadingInfo.m in Sources */,
				BBBFEFF51BFDBDE300766FDA /* LoadingAdapter4Tencent.m in Sources */,
				BB881DBA1BFF0AD1002914AB /* CocosRuntime.m in Sources */,
				BB881DD61BFF0AD1002914AB /* ResGroup.m in Sources */,
				BB881DE41BFF0AD1002914AB /* zip.cpp in Sources */,
				BB881DC01BFF0AD1002914AB /* GroupVersionManager.m in Sources */,
				BB881DDA1BFF0AD1002914AB /* FileDownloader.m in Sources */,
				BB881DD21BFF0AD1002914AB /* GameManifest.m in Sources */,
				ED2667A11BFDA65800E9BF62 /* jsb_anysdk_basic_conversions.cpp in Sources */,
				BB881DD81BFF0AD1002914AB /* FileDownloadAdapter.m in Sources */,
				ED2667481BFDA56000E9BF62 /* ShareQQBrowser.m in Sources */,
				ED2667A21BFDA65800E9BF62 /* jsb_anysdk_protocols_auto.cpp in Sources */,
				BB881DD41BFF0AD1002914AB /* GroupPatch.m in Sources */,
				ED2667471BFDA56000E9BF62 /* IAPQQBrowser.m in Sources */,
				BB881DCA1BFF0AD1002914AB /* jsb_cocosruntime.mm in Sources */,
				BB881DCC1BFF0AD1002914AB /* ChannelConfig.m in Sources */,
				BB881DE21BFF0AD1002914AB /* FileUtil.m in Sources */,
				BB881DC81BFF0AD1002914AB /* CocosDelegate.cpp in Sources */,
				BB881DD01BFF0AD1002914AB /* GameInfo.m in Sources */,
				EDBD733E1BF486EB0005FED4 /* MttGameEngineFactory.mm in Sources */,
				BB881DC41BFF0AD1002914AB /* LoadingProgressController.m in Sources */,
				EDAF7CDD1BCCB6B90032B305 /* MttGameEngine.mm in Sources */,
				BB881DC61BFF0AD1002914AB /* PreRunGame.m in Sources */,
				ED26674A1BFDA56000E9BF62 /* UserQQBrowser.mm in Sources */,
				BB881DCE1BFF0AD1002914AB /* GameConfig.m in Sources */,
			);
			runOnlyForDeploymentPostprocessing = 0;
		};
		ED464A631BE8B2EB005D120E /* Sources */ = {
			isa = PBXSourcesBuildPhase;
			buildActionMask = 2147483647;
			files = (
				BB881DBF1BFF0AD1002914AB /* CocosRuntimeGroupPatch.m in Sources */,
				BB881DDF1BFF0AD1002914AB /* RTNetworkHelper.mm in Sources */,
				ED2667B91BFDA79800E9BF62 /* SocialQQBrowser.m in Sources */,
				BB881DE71BFF0AD1002914AB /* ZipHelper.mm in Sources */,
				ED2667B81BFDA79500E9BF62 /* ShareQQBrowser.m in Sources */,
				BB881DE11BFF0AD1002914AB /* RTReachability.m in Sources */,
				BB881DBD1BFF0AD1002914AB /* CocosRuntimeGroup.m in Sources */,
				BB881DDD1BFF0AD1002914AB /* NetworkController.m in Sources */,
				BB881DC31BFF0AD1002914AB /* LoadingInfo.m in Sources */,
				BBBFEFF61BFDBDE300766FDA /* LoadingAdapter4Tencent.m in Sources */,
				BB881DBB1BFF0AD1002914AB /* CocosRuntime.m in Sources */,
				BB881DD71BFF0AD1002914AB /* ResGroup.m in Sources */,
				BB881DE51BFF0AD1002914AB /* zip.cpp in Sources */,
				BB881DC11BFF0AD1002914AB /* GroupVersionManager.m in Sources */,
				BB881DDB1BFF0AD1002914AB /* FileDownloader.m in Sources */,
				BB881DD31BFF0AD1002914AB /* GameManifest.m in Sources */,
				EDBD73381BF484FB0005FED4 /* Cocosv3GameEngineFactory.mm in Sources */,
				BB881DD91BFF0AD1002914AB /* FileDownloadAdapter.m in Sources */,
				ED2667B21BFDA76F00E9BF62 /* manualanysdkbindings.cpp in Sources */,
				ED464A721BE8B2EB005D120E /* MttGameEngine.mm in Sources */,
				BB881DD51BFF0AD1002914AB /* GroupPatch.m in Sources */,
				ED2667B71BFDA79100E9BF62 /* IAPQQBrowser.m in Sources */,
				BB881DCB1BFF0AD1002914AB /* jsb_cocosruntime.mm in Sources */,
				BB881DCD1BFF0AD1002914AB /* ChannelConfig.m in Sources */,
				BB881DE31BFF0AD1002914AB /* FileUtil.m in Sources */,
				BB881DC91BFF0AD1002914AB /* CocosDelegate.cpp in Sources */,
				BB881DD11BFF0AD1002914AB /* GameInfo.m in Sources */,
				ED2667B11BFDA75A00E9BF62 /* jsb_anysdk_protocols_auto.cpp in Sources */,
				BB881DC51BFF0AD1002914AB /* LoadingProgressController.m in Sources */,
				ED2667BA1BFDA79B00E9BF62 /* UserQQBrowser.mm in Sources */,
				BB881DC71BFF0AD1002914AB /* PreRunGame.m in Sources */,
				ED2667B01BFDA75700E9BF62 /* jsb_anysdk_basic_conversions.cpp in Sources */,
				BB881DCF1BFF0AD1002914AB /* GameConfig.m in Sources */,
			);
			runOnlyForDeploymentPostprocessing = 0;
		};
		EDF396B01BDA2832000885AB /* Sources */ = {
			isa = PBXSourcesBuildPhase;
			buildActionMask = 2147483647;
			files = (
				EDBD735B1BF48AF20005FED4 /* MttGameEngineFactory.mm in Sources */,
				EDF396BE1BDA2833000885AB /* ViewController.m in Sources */,
				EDF396BB1BDA2833000885AB /* AppDelegate.m in Sources */,
				EDF396D11BDA28EC000885AB /* MttGameEngineFramework.m in Sources */,
				EDF396B81BDA2833000885AB /* main.m in Sources */,
			);
			runOnlyForDeploymentPostprocessing = 0;
		};
/* End PBXSourcesBuildPhase section */

/* Begin PBXTargetDependency section */
		ED2667211BFDA1CC00E9BF62 /* PBXTargetDependency */ = {
			isa = PBXTargetDependency;
			name = "libcocos2d iOS";
			targetProxy = ED2667201BFDA1CC00E9BF62 /* PBXContainerItemProxy */;
		};
		ED2667231BFDA1D000E9BF62 /* PBXTargetDependency */ = {
			isa = PBXTargetDependency;
			name = "libjscocos2d iOS";
			targetProxy = ED2667221BFDA1D000E9BF62 /* PBXContainerItemProxy */;
		};
		ED2667251BFDA1D700E9BF62 /* PBXTargetDependency */ = {
			isa = PBXTargetDependency;
			name = "libcocos2d iOS";
			targetProxy = ED2667241BFDA1D700E9BF62 /* PBXContainerItemProxy */;
		};
		ED2667271BFDA1DA00E9BF62 /* PBXTargetDependency */ = {
			isa = PBXTargetDependency;
			name = "libjscocos2d iOS";
			targetProxy = ED2667261BFDA1DA00E9BF62 /* PBXContainerItemProxy */;
		};
		EDBD73581BF488CB0005FED4 /* PBXTargetDependency */ = {
			isa = PBXTargetDependency;
			target = ED464A5E1BE8B2EB005D120E /* libCocosJSRuntime */;
			targetProxy = EDBD73571BF488CB0005FED4 /* PBXContainerItemProxy */;
		};
/* End PBXTargetDependency section */

/* Begin PBXVariantGroup section */
		EDF396BF1BDA2833000885AB /* Main.storyboard */ = {
			isa = PBXVariantGroup;
			children = (
				EDF396C01BDA2833000885AB /* Base */,
			);
			name = Main.storyboard;
			sourceTree = "<group>";
		};
		EDF396C41BDA2833000885AB /* LaunchScreen.storyboard */ = {
			isa = PBXVariantGroup;
			children = (
				EDF396C51BDA2833000885AB /* Base */,
			);
			name = LaunchScreen.storyboard;
			sourceTree = "<group>";
		};
/* End PBXVariantGroup section */

/* Begin XCBuildConfiguration section */
		802BF5361B945662008C45C2 /* Debug */ = {
			isa = XCBuildConfiguration;
			buildSettings = {
				ALWAYS_SEARCH_USER_PATHS = NO;
				CLANG_CXX_LANGUAGE_STANDARD = "gnu++0x";
				CLANG_CXX_LIBRARY = "libc++";
				CLANG_ENABLE_MODULES = YES;
				CLANG_ENABLE_OBJC_ARC = YES;
				CLANG_WARN_BOOL_CONVERSION = YES;
				CLANG_WARN_CONSTANT_CONVERSION = YES;
				CLANG_WARN_DIRECT_OBJC_ISA_USAGE = YES_ERROR;
				CLANG_WARN_EMPTY_BODY = YES;
				CLANG_WARN_ENUM_CONVERSION = YES;
				CLANG_WARN_INT_CONVERSION = YES;
				CLANG_WARN_OBJC_ROOT_CLASS = YES_ERROR;
				CLANG_WARN_UNREACHABLE_CODE = YES;
				CLANG_WARN__DUPLICATE_METHOD_MATCH = YES;
				COPY_PHASE_STRIP = NO;
				DEBUG_INFORMATION_FORMAT = dwarf;
				ENABLE_STRICT_OBJC_MSGSEND = YES;
				GCC_C_LANGUAGE_STANDARD = gnu99;
				GCC_DYNAMIC_NO_PIC = NO;
				GCC_NO_COMMON_BLOCKS = YES;
				GCC_OPTIMIZATION_LEVEL = 0;
				GCC_PREPROCESSOR_DEFINITIONS = (
					"DEBUG=1",
					"$(inherited)",
				);
				GCC_SYMBOLS_PRIVATE_EXTERN = NO;
				GCC_WARN_64_TO_32_BIT_CONVERSION = YES;
				GCC_WARN_ABOUT_RETURN_TYPE = YES_ERROR;
				GCC_WARN_UNDECLARED_SELECTOR = YES;
				GCC_WARN_UNINITIALIZED_AUTOS = YES_AGGRESSIVE;
				GCC_WARN_UNUSED_FUNCTION = YES;
				GCC_WARN_UNUSED_VARIABLE = YES;
				IPHONEOS_DEPLOYMENT_TARGET = 7.0;
				MTL_ENABLE_DEBUG_INFO = YES;
				ONLY_ACTIVE_ARCH = YES;
				SDKROOT = iphoneos;
			};
			name = Debug;
		};
		802BF5371B945662008C45C2 /* Release */ = {
			isa = XCBuildConfiguration;
			buildSettings = {
				ALWAYS_SEARCH_USER_PATHS = NO;
				CLANG_CXX_LANGUAGE_STANDARD = "gnu++0x";
				CLANG_CXX_LIBRARY = "libc++";
				CLANG_ENABLE_MODULES = YES;
				CLANG_ENABLE_OBJC_ARC = YES;
				CLANG_WARN_BOOL_CONVERSION = YES;
				CLANG_WARN_CONSTANT_CONVERSION = YES;
				CLANG_WARN_DIRECT_OBJC_ISA_USAGE = YES_ERROR;
				CLANG_WARN_EMPTY_BODY = YES;
				CLANG_WARN_ENUM_CONVERSION = YES;
				CLANG_WARN_INT_CONVERSION = YES;
				CLANG_WARN_OBJC_ROOT_CLASS = YES_ERROR;
				CLANG_WARN_UNREACHABLE_CODE = YES;
				CLANG_WARN__DUPLICATE_METHOD_MATCH = YES;
				COPY_PHASE_STRIP = NO;
				DEBUG_INFORMATION_FORMAT = dwarf;
				ENABLE_NS_ASSERTIONS = NO;
				ENABLE_STRICT_OBJC_MSGSEND = YES;
				GCC_C_LANGUAGE_STANDARD = gnu99;
				GCC_NO_COMMON_BLOCKS = YES;
				GCC_WARN_64_TO_32_BIT_CONVERSION = YES;
				GCC_WARN_ABOUT_RETURN_TYPE = YES_ERROR;
				GCC_WARN_UNDECLARED_SELECTOR = YES;
				GCC_WARN_UNINITIALIZED_AUTOS = YES_AGGRESSIVE;
				GCC_WARN_UNUSED_FUNCTION = YES;
				GCC_WARN_UNUSED_VARIABLE = YES;
				IPHONEOS_DEPLOYMENT_TARGET = 7.0;
				MTL_ENABLE_DEBUG_INFO = NO;
				SDKROOT = iphoneos;
				VALIDATE_PRODUCT = YES;
			};
			name = Release;
		};
		802BF5391B945662008C45C2 /* Debug */ = {
			isa = XCBuildConfiguration;
			buildSettings = {
				ALWAYS_SEARCH_USER_PATHS = YES;
				ARCHS = "$(ARCHS_STANDARD)";
				CLANG_CXX_LANGUAGE_STANDARD = "c++0x";
				CLANG_ENABLE_MODULES = YES;
				CLANG_ENABLE_OBJC_ARC = YES;
				CODE_SIGN_IDENTITY = "";
				"CODE_SIGN_IDENTITY[sdk=*]" = "";
				DEBUG_INFORMATION_FORMAT = dwarf;
				ENABLE_BITCODE = NO;
				FRAMEWORK_SEARCH_PATHS = "$(inherited)";
				GCC_PREPROCESSOR_DEFINITIONS = (
					CC_TARGET_OS_IPHONE,
					COCOS2D_JAVASCRIPT,
					"COCOS2D_DEBUG=1",
					USE_FILE32API,
				);
				IPHONEOS_DEPLOYMENT_TARGET = 7.0;
				LD_RUNPATH_SEARCH_PATHS = "$(inherited) @executable_path/Frameworks @loader_path/Frameworks";
				LIBRARY_SEARCH_PATHS = (
					"$(inherited)",
					"$(SDKROOT)/usr/lib/system",
					"$(PROJECT_DIR)/../AnySDK-JSBindings",
				);
				ONLY_ACTIVE_ARCH = YES;
				OTHER_LDFLAGS = "-ObjC";
				PRODUCT_BUNDLE_IDENTIFIER = com.cocosplay.JSRuntime;
				PRODUCT_NAME = CocosJSRuntime;
				PROVISIONING_PROFILE = "91ac5931-6515-4b25-8999-f194e355d96d";
				SKIP_INSTALL = YES;
				SWIFT_OPTIMIZATION_LEVEL = "-Onone";
				USER_HEADER_SEARCH_PATHS = "$(SRCROOT)/../.. $(SRCROOT)/../../cocos $(SRCROOT)/../../cocos/editor-support $(SRCROOT)/../../cocos/platform $(SRCROOT)/../../extensions $(SRCROOT)/../../external/sources $(SRCROOT)/../../cocos/scripting/js-bindings/auto $(SRCROOT)/../../cocos/scripting/js-bindings/manual $(SRCROOT)/../../external/ios/include $(SRCROOT)/../../external/ios/include/spidermonkey $(SRCROOT)/../../CocosRuntime-iOS/AnySDK-JSBindings/include $(SRCROOT)/../../CocosRuntime-iOS/AnySDK-JSBindings";
				VALID_ARCHS = "arm64 armv7 i386";
			};
			name = Debug;
		};
		802BF53A1B945662008C45C2 /* Release */ = {
			isa = XCBuildConfiguration;
			buildSettings = {
				ALWAYS_SEARCH_USER_PATHS = YES;
				ARCHS = "$(ARCHS_STANDARD)";
				CLANG_CXX_LANGUAGE_STANDARD = "c++0x";
				CLANG_ENABLE_MODULES = YES;
				CLANG_ENABLE_OBJC_ARC = YES;
				CODE_SIGN_IDENTITY = "";
				"CODE_SIGN_IDENTITY[sdk=iphoneos*]" = "";
				DEBUG_INFORMATION_FORMAT = dwarf;
				ENABLE_BITCODE = NO;
				FRAMEWORK_SEARCH_PATHS = "$(inherited)";
				GCC_PREPROCESSOR_DEFINITIONS = (
					CC_TARGET_OS_IPHONE,
					COCOS2D_JAVASCRIPT,
					USE_FILE32API,
					NDEBUG,
				);
				IPHONEOS_DEPLOYMENT_TARGET = 7.0;
				LD_RUNPATH_SEARCH_PATHS = "$(inherited) @executable_path/Frameworks @loader_path/Frameworks";
				LIBRARY_SEARCH_PATHS = (
					"$(inherited)",
					"$(SDKROOT)/usr/lib/system",
					"$(PROJECT_DIR)/../AnySDK-JSBindings",
				);
				ONLY_ACTIVE_ARCH = YES;
				OTHER_LDFLAGS = "-ObjC";
				PRODUCT_BUNDLE_IDENTIFIER = com.cocosplay.JSRuntime;
				PRODUCT_NAME = CocosJSRuntime;
				PROVISIONING_PROFILE = "91ac5931-6515-4b25-8999-f194e355d96d";
				SKIP_INSTALL = YES;
				USER_HEADER_SEARCH_PATHS = "$(SRCROOT)/../.. $(SRCROOT)/../../cocos $(SRCROOT)/../../cocos/editor-support $(SRCROOT)/../../cocos/platform $(SRCROOT)/../../extensions $(SRCROOT)/../../external/sources $(SRCROOT)/../../cocos/scripting/js-bindings/auto $(SRCROOT)/../../cocos/scripting/js-bindings/manual $(SRCROOT)/../../external/ios/include $(SRCROOT)/../../external/ios/include/spidermonkey $(SRCROOT)/../../CocosRuntime-iOS/AnySDK-JSBindings/include $(SRCROOT)/../../CocosRuntime-iOS/AnySDK-JSBindings";
				VALID_ARCHS = "arm64 armv7 i386";
			};
			name = Release;
		};
		ED464A891BE8B2EB005D120E /* Debug */ = {
			isa = XCBuildConfiguration;
			buildSettings = {
				ALWAYS_SEARCH_USER_PATHS = YES;
				ARCHS = "$(ARCHS_STANDARD)";
				CLANG_CXX_LANGUAGE_STANDARD = "c++0x";
				CLANG_CXX_LIBRARY = "libc++";
				CLANG_ENABLE_MODULES = YES;
				CLANG_ENABLE_OBJC_ARC = YES;
				CODE_SIGN_IDENTITY = "";
				"CODE_SIGN_IDENTITY[sdk=*]" = "";
				DEBUG_INFORMATION_FORMAT = dwarf;
				ENABLE_BITCODE = NO;
				EXECUTABLE_EXTENSION = a;
				FRAMEWORK_SEARCH_PATHS = "$(inherited)";
				GCC_PREPROCESSOR_DEFINITIONS = (
					CC_TARGET_OS_IPHONE,
					COCOS2D_JAVASCRIPT,
					"COCOS2D_DEBUG=1",
					USE_FILE32API,
				);
				IPHONEOS_DEPLOYMENT_TARGET = 7.0;
				LD_RUNPATH_SEARCH_PATHS = "$(inherited) @executable_path/Frameworks @loader_path/Frameworks";
				LIBRARY_SEARCH_PATHS = (
					"$(inherited)",
					"$(SDKROOT)/usr/lib/system",
					"$(PROJECT_DIR)/../AnySDK-JSBindings",
				);
				MACH_O_TYPE = staticlib;
				ONLY_ACTIVE_ARCH = YES;
				OTHER_LDFLAGS = "-ObjC";
				PRODUCT_BUNDLE_IDENTIFIER = com.cocosplay.JSRuntime;
				PRODUCT_NAME = "$(TARGET_NAME)";
				PROVISIONING_PROFILE = "91ac5931-6515-4b25-8999-f194e355d96d";
				SKIP_INSTALL = YES;
				SWIFT_OPTIMIZATION_LEVEL = "-Onone";
				USER_HEADER_SEARCH_PATHS = "$(SRCROOT)/../.. $(SRCROOT)/../../cocos $(SRCROOT)/../../cocos/platform $(SRCROOT)/../../cocos/editor-support $(SRCROOT)/../../external/sources $(SRCROOT)/../../cocos/scripting/js-bindings/auto $(SRCROOT)/../../cocos/scripting/js-bindings/manual $(SRCROOT)/../../external/ios/include $(SRCROOT)/../../external/ios/include/spidermonkey $(SRCROOT)/../../CocosRuntime-iOS/Channels-JS/QQBrowser $(SRCROOT)/../../CocosRuntime-iOS/AnySDK-JSBindings/include $(SRCROOT)/../../CocosRuntime-iOS/AnySDK-JSBindings";
				VALID_ARCHS = "arm64 armv7 i386 x86_64";
			};
			name = Debug;
		};
		ED464A8A1BE8B2EB005D120E /* Release */ = {
			isa = XCBuildConfiguration;
			buildSettings = {
				ALWAYS_SEARCH_USER_PATHS = YES;
				ARCHS = "$(ARCHS_STANDARD)";
				CLANG_CXX_LANGUAGE_STANDARD = "c++0x";
				CLANG_CXX_LIBRARY = "libc++";
				CLANG_ENABLE_MODULES = YES;
				CLANG_ENABLE_OBJC_ARC = YES;
				CODE_SIGN_IDENTITY = "";
				"CODE_SIGN_IDENTITY[sdk=iphoneos*]" = "";
				DEBUG_INFORMATION_FORMAT = dwarf;
				ENABLE_BITCODE = NO;
				EXECUTABLE_EXTENSION = a;
				FRAMEWORK_SEARCH_PATHS = "$(inherited)";
				GCC_PREPROCESSOR_DEFINITIONS = (
					CC_TARGET_OS_IPHONE,
					COCOS2D_JAVASCRIPT,
					USE_FILE32API,
					NDEBUG,
				);
				IPHONEOS_DEPLOYMENT_TARGET = 7.0;
				LD_RUNPATH_SEARCH_PATHS = "$(inherited) @executable_path/Frameworks @loader_path/Frameworks";
				LIBRARY_SEARCH_PATHS = (
					"$(inherited)",
					"$(SDKROOT)/usr/lib/system",
					"$(PROJECT_DIR)/../AnySDK-JSBindings",
				);
				MACH_O_TYPE = staticlib;
				ONLY_ACTIVE_ARCH = NO;
				OTHER_LDFLAGS = "-ObjC";
				PRODUCT_BUNDLE_IDENTIFIER = com.cocosplay.JSRuntime;
				PRODUCT_NAME = "$(TARGET_NAME)";
				PROVISIONING_PROFILE = "91ac5931-6515-4b25-8999-f194e355d96d";
				SKIP_INSTALL = YES;
				USER_HEADER_SEARCH_PATHS = "$(SRCROOT)/../.. $(SRCROOT)/../../cocos $(SRCROOT)/../../cocos/platform $(SRCROOT)/../../cocos/editor-support $(SRCROOT)/../../external/sources $(SRCROOT)/../../cocos/scripting/js-bindings/auto $(SRCROOT)/../../cocos/scripting/js-bindings/manual $(SRCROOT)/../../external/ios/include $(SRCROOT)/../../external/ios/include/spidermonkey $(SRCROOT)/../../CocosRuntime-iOS/Channels-JS/QQBrowser $(SRCROOT)/../../CocosRuntime-iOS/AnySDK-JSBindings/include $(SRCROOT)/../../CocosRuntime-iOS/AnySDK-JSBindings";
				VALID_ARCHS = "arm64 armv7 i386 x86_64";
			};
			name = Release;
		};
		EDF396C81BDA2833000885AB /* Debug */ = {
			isa = XCBuildConfiguration;
			buildSettings = {
				ALWAYS_SEARCH_USER_PATHS = YES;
				ASSETCATALOG_COMPILER_APPICON_NAME = AppIcon;
				CLANG_CXX_LANGUAGE_STANDARD = "c++0x";
				"CODE_SIGN_IDENTITY[sdk=iphoneos*]" = "iPhone Developer";
				DEBUG_INFORMATION_FORMAT = dwarf;
				ENABLE_BITCODE = NO;
				ENABLE_TESTABILITY = YES;
				FRAMEWORK_SEARCH_PATHS = (
					"$(inherited)",
					"$(PROJECT_DIR)/CocosJSRuntime/anysdk",
				);
				GCC_PREPROCESSOR_DEFINITIONS = (
					CC_TARGET_OS_IPHONE,
					COCOS2D_JAVASCRIPT,
					"COCOS2D_DEBUG=1",
					USE_FILE32API,
				);
				INFOPLIST_FILE = JSRuntimeTest/Info.plist;
				IPHONEOS_DEPLOYMENT_TARGET = 9.0;
				LD_RUNPATH_SEARCH_PATHS = "$(inherited) @executable_path/Frameworks";
				LIBRARY_SEARCH_PATHS = (
					"$(inherited)",
					"$(SDKROOT)/usr/lib/system",
					"$(PROJECT_DIR)/CocosJSRuntime/anysdk",
				);
				OTHER_LDFLAGS = "-ObjC";
				PRODUCT_BUNDLE_IDENTIFIER = com.cocos.JSRuntimeTest;
				PRODUCT_NAME = "$(TARGET_NAME)";
				TARGETED_DEVICE_FAMILY = "1,2";
				USER_HEADER_SEARCH_PATHS = "$(SRCROOT)/../.. $(SRCROOT)/../../cocos $(SRCROOT)/../../cocos/editor-support $(SRCROOT)/../../extensions $(SRCROOT)/../../external/sources $(SRCROOT)/../../cocos/scripting/js-bindings/auto $(SRCROOT)/../../cocos/scripting/js-bindings/manual $(SRCROOT)/../../external/ios/include $(SRCROOT)/../../external/ios/include/spidermonkey $(SRCROOT)/../../cocos/platform $(SRCROOT)/CocosJSRuntime/anysdk";
			};
			name = Debug;
		};
		EDF396C91BDA2833000885AB /* Release */ = {
			isa = XCBuildConfiguration;
			buildSettings = {
				ALWAYS_SEARCH_USER_PATHS = YES;
				ASSETCATALOG_COMPILER_APPICON_NAME = AppIcon;
				CLANG_CXX_LANGUAGE_STANDARD = "c++0x";
				"CODE_SIGN_IDENTITY[sdk=iphoneos*]" = "iPhone Developer";
				ENABLE_BITCODE = NO;
				FRAMEWORK_SEARCH_PATHS = (
					"$(inherited)",
					"$(PROJECT_DIR)/CocosJSRuntime/anysdk",
				);
				GCC_PREPROCESSOR_DEFINITIONS = (
					CC_TARGET_OS_IPHONE,
					COCOS2D_JAVASCRIPT,
					USE_FILE32API,
					NDEBUG,
				);
				INFOPLIST_FILE = JSRuntimeTest/Info.plist;
				IPHONEOS_DEPLOYMENT_TARGET = 9.0;
				LD_RUNPATH_SEARCH_PATHS = "$(inherited) @executable_path/Frameworks";
				LIBRARY_SEARCH_PATHS = (
					"$(inherited)",
					"$(SDKROOT)/usr/lib/system",
					"$(PROJECT_DIR)/CocosJSRuntime/anysdk",
				);
				ONLY_ACTIVE_ARCH = YES;
				OTHER_LDFLAGS = "-ObjC";
				PRODUCT_BUNDLE_IDENTIFIER = com.cocos.JSRuntimeTest;
				PRODUCT_NAME = "$(TARGET_NAME)";
				TARGETED_DEVICE_FAMILY = "1,2";
				USER_HEADER_SEARCH_PATHS = "$(SRCROOT)/../.. $(SRCROOT)/../../cocos $(SRCROOT)/../../cocos/editor-support $(SRCROOT)/../../extensions $(SRCROOT)/../../external/sources $(SRCROOT)/../../cocos/scripting/js-bindings/auto $(SRCROOT)/../../cocos/scripting/js-bindings/manual $(SRCROOT)/../../external/ios/include $(SRCROOT)/../../external/ios/include/spidermonkey $(SRCROOT)/../../cocos/platform $(SRCROOT)/CocosJSRuntime/anysdk";
			};
			name = Release;
		};
/* End XCBuildConfiguration section */

/* Begin XCConfigurationList section */
		802BF51F1B945662008C45C2 /* Build configuration list for PBXProject "CocosJSRuntime" */ = {
			isa = XCConfigurationList;
			buildConfigurations = (
				802BF5361B945662008C45C2 /* Debug */,
				802BF5371B945662008C45C2 /* Release */,
			);
			defaultConfigurationIsVisible = 0;
			defaultConfigurationName = Release;
		};
		802BF5381B945662008C45C2 /* Build configuration list for PBXNativeTarget "CocosJSRuntime" */ = {
			isa = XCConfigurationList;
			buildConfigurations = (
				802BF5391B945662008C45C2 /* Debug */,
				802BF53A1B945662008C45C2 /* Release */,
			);
			defaultConfigurationIsVisible = 0;
			defaultConfigurationName = Release;
		};
		ED464A881BE8B2EB005D120E /* Build configuration list for PBXNativeTarget "libCocosJSRuntime" */ = {
			isa = XCConfigurationList;
			buildConfigurations = (
				ED464A891BE8B2EB005D120E /* Debug */,
				ED464A8A1BE8B2EB005D120E /* Release */,
			);
			defaultConfigurationIsVisible = 0;
			defaultConfigurationName = Release;
		};
		EDF396CC1BDA2833000885AB /* Build configuration list for PBXNativeTarget "JSRuntimeTest" */ = {
			isa = XCConfigurationList;
			buildConfigurations = (
				EDF396C81BDA2833000885AB /* Debug */,
				EDF396C91BDA2833000885AB /* Release */,
			);
			defaultConfigurationIsVisible = 0;
			defaultConfigurationName = Release;
		};
/* End XCConfigurationList section */
	};
	rootObject = 802BF51C1B945662008C45C2 /* Project object */;
}
